
Microsoft Visual Studio Solution File, Format Version 12.00
# Visual Studio Version 17
VisualStudioVersion = 17.0.31903.59
MinimumVisualStudioVersion = 10.0.40219.1
Project("{2150E333-8FDC-42A3-9474-1A3956D46DE8}") = "applications", "applications", "{F77832E3-555B-4E04-814F-947D749CB507}"
EndProject
Project("{FAE04EC0-301F-11D3-BF4B-00C04F79EFBC}") = "AuthServer.Host", "applications\AuthServer.Host\AuthServer.Host.csproj", "{110D92B7-10FB-4C8E-BD42-23DE324C9582}"
EndProject
Project("{2150E333-8FDC-42A3-9474-1A3956D46DE8}") = "gateways", "gateways", "{DF2C72CD-0AE4-4199-8555-2F00898ADEC6}"
EndProject
Project("{FAE04EC0-301F-11D3-BF4B-00C04F79EFBC}") = "AdminGateway.Host", "gateways\AdminGateway.Host\AdminGateway.Host.csproj", "{D5504113-18D4-4CCA-8982-52B653530A47}"
EndProject
Project("{FAE04EC0-301F-11D3-BF4B-00C04F79EFBC}") = "InternalGateway.Host", "gateways\InternalGateway.Host\InternalGateway.Host.csproj", "{2203FE76-0EF3-4196-A3D1-F763773C62CE}"
EndProject
Project("{FAE04EC0-301F-11D3-BF4B-00C04F79EFBC}") = "PublicGateway.Host", "gateways\PublicGateway.Host\PublicGateway.Host.csproj", "{94E50D65-CE41-47D1-9BFA-F4ABD23BEB95}"
EndProject
Project("{2150E333-8FDC-42A3-9474-1A3956D46DE8}") = "microservices", "microservices", "{A803C934-2FFB-4607-BCD7-09A3C74BB95C}"
EndProject
Project("{FAE04EC0-301F-11D3-BF4B-00C04F79EFBC}") = "EmailService.Host", "microservices\EmailService.Host\EmailService.Host.csproj", "{284BCE07-F513-47F6-9909-FE4EC8C258CA}"
EndProject
Project("{FAE04EC0-301F-11D3-BF4B-00C04F79EFBC}") = "IdentityService.Host", "microservices\IdentityService.Host\IdentityService.Host.csproj", "{DAC77AD0-33BC-4741-B62D-23E011DFBFC3}"
EndProject
Project("{FAE04EC0-301F-11D3-BF4B-00C04F79EFBC}") = "MonitorService.Host", "microservices\MonitorService.Host\MonitorService.Host.csproj", "{41BE582B-9D07-48F8-9492-2403FD82F78A}"
EndProject
Project("{FAE04EC0-301F-11D3-BF4B-00C04F79EFBC}") = "NotificationService.Host", "microservices\NotificationService.Host\NotificationService.Host.csproj", "{B5874E2C-5F1A-40F8-BFA4-2DE5C9A2F2DA}"
EndProject
Project("{FAE04EC0-301F-11D3-BF4B-00C04F79EFBC}") = "PaymentService.Host", "microservices\PaymentService.Host\PaymentService.Host.csproj", "{EB46DA50-8179-4C1A-9A07-1C82375BB758}"
EndProject
Project("{2150E333-8FDC-42A3-9474-1A3956D46DE8}") = "modules", "modules", "{BCFAEDCB-BC4F-43CB-95AD-F0A21B50E6BB}"
EndProject
Project("{2150E333-8FDC-42A3-9474-1A3956D46DE8}") = "email", "email", "{B5071454-37FA-45DF-B7C2-398E3107D977}"
EndProject
Project("{2150E333-8FDC-42A3-9474-1A3956D46DE8}") = "src", "src", "{E426A17D-CEBD-429C-9570-64655FDEBE7D}"
EndProject
Project("{FAE04EC0-301F-11D3-BF4B-00C04F79EFBC}") = "Email.Application", "modules\email\src\Email.Application\Email.Application.csproj", "{3EA87027-8151-4406-9224-CB81A2A752E7}"
EndProject
Project("{FAE04EC0-301F-11D3-BF4B-00C04F79EFBC}") = "Email.Application.Contracts", "modules\email\src\Email.Application.Contracts\Email.Application.Contracts.csproj", "{169B1B42-AE06-41A7-84C4-1F1813C80438}"
EndProject
Project("{FAE04EC0-301F-11D3-BF4B-00C04F79EFBC}") = "Email.Domain", "modules\email\src\Email.Domain\Email.Domain.csproj", "{72A03576-F849-49B2-AB43-F202FAED0D39}"
EndProject
Project("{FAE04EC0-301F-11D3-BF4B-00C04F79EFBC}") = "Email.Domain.Shared", "modules\email\src\Email.Domain.Shared\Email.Domain.Shared.csproj", "{B1DC3E93-1AA6-4351-98D2-4BB4CAA5E1CD}"
EndProject
Project("{FAE04EC0-301F-11D3-BF4B-00C04F79EFBC}") = "Email.EntityFrameworkCore", "modules\email\src\Email.EntityFrameworkCore\Email.EntityFrameworkCore.csproj", "{E0695660-8612-40DB-87A3-A44BB607D3E1}"
EndProject
Project("{FAE04EC0-301F-11D3-BF4B-00C04F79EFBC}") = "Email.HttpApi", "modules\email\src\Email.HttpApi\Email.HttpApi.csproj", "{CEA9C014-6C75-4108-8A72-135CC23F7A9B}"
EndProject
Project("{FAE04EC0-301F-11D3-BF4B-00C04F79EFBC}") = "Email.HttpApi.Client", "modules\email\src\Email.HttpApi.Client\Email.HttpApi.Client.csproj", "{52433D1D-CC01-4BAD-BE34-C721CDFA0F27}"
EndProject
Project("{2150E333-8FDC-42A3-9474-1A3956D46DE8}") = "test", "test", "{DCD5F734-757A-4F7D-9DCB-ED41FF4CBAE5}"
EndProject
Project("{FAE04EC0-301F-11D3-BF4B-00C04F79EFBC}") = "Email.Application.Tests", "modules\email\test\Email.Application.Tests\Email.Application.Tests.csproj", "{A7D08C31-53F3-47B6-8DD2-034548AC2730}"
EndProject
Project("{FAE04EC0-301F-11D3-BF4B-00C04F79EFBC}") = "Email.Domain.Tests", "modules\email\test\Email.Domain.Tests\Email.Domain.Tests.csproj", "{6627FDD2-9DBE-4422-9E96-BFFC24E05395}"
EndProject
Project("{FAE04EC0-301F-11D3-BF4B-00C04F79EFBC}") = "Email.EntityFrameworkCore.Tests", "modules\email\test\Email.EntityFrameworkCore.Tests\Email.EntityFrameworkCore.Tests.csproj", "{42B9C877-B7C5-43AF-BB3D-B0485D6E8C8A}"
EndProject
Project("{FAE04EC0-301F-11D3-BF4B-00C04F79EFBC}") = "Email.HttpApi.Client.ConsoleTestApp", "modules\email\test\Email.HttpApi.Client.ConsoleTestApp\Email.HttpApi.Client.ConsoleTestApp.csproj", "{9F0304E5-CD94-4737-9D66-5C21EB715099}"
EndProject
Project("{FAE04EC0-301F-11D3-BF4B-00C04F79EFBC}") = "Email.TestBase", "modules\email\test\Email.TestBase\Email.TestBase.csproj", "{C6F770F0-FE7F-4892-91F9-C470F4D92D4B}"
EndProject
Project("{2150E333-8FDC-42A3-9474-1A3956D46DE8}") = "identity", "identity", "{3290CBBC-8180-4257-9EDD-DB39D0B31B1F}"
EndProject
Project("{2150E333-8FDC-42A3-9474-1A3956D46DE8}") = "src", "src", "{96E888AB-551E-41E3-887B-9A384ADEFCE4}"
EndProject
Project("{FAE04EC0-301F-11D3-BF4B-00C04F79EFBC}") = "Identity.Application", "modules\identity\src\Identity.Application\Identity.Application.csproj", "{2C94BA55-9D9B-41CF-B65A-E8F73A3D2FEE}"
EndProject
Project("{FAE04EC0-301F-11D3-BF4B-00C04F79EFBC}") = "Identity.Application.Contracts", "modules\identity\src\Identity.Application.Contracts\Identity.Application.Contracts.csproj", "{6194340F-7891-4894-BC9B-DC1C756B4CA6}"
EndProject
Project("{FAE04EC0-301F-11D3-BF4B-00C04F79EFBC}") = "Identity.Domain", "modules\identity\src\Identity.Domain\Identity.Domain.csproj", "{93614CAE-ACE8-4F8C-A919-BE429B54BD15}"
EndProject
Project("{FAE04EC0-301F-11D3-BF4B-00C04F79EFBC}") = "Identity.Domain.Shared", "modules\identity\src\Identity.Domain.Shared\Identity.Domain.Shared.csproj", "{32090EA8-B239-4DDA-9A65-F78AFE1F85BC}"
EndProject
Project("{FAE04EC0-301F-11D3-BF4B-00C04F79EFBC}") = "Identity.EntityFrameworkCore", "modules\identity\src\Identity.EntityFrameworkCore\Identity.EntityFrameworkCore.csproj", "{BD331A40-3743-43BA-9D8B-C26D630FB31F}"
EndProject
Project("{FAE04EC0-301F-11D3-BF4B-00C04F79EFBC}") = "Identity.HttpApi", "modules\identity\src\Identity.HttpApi\Identity.HttpApi.csproj", "{56B3DC1A-0B01-4FB5-8BA2-F7ECC88E0272}"
EndProject
Project("{FAE04EC0-301F-11D3-BF4B-00C04F79EFBC}") = "Identity.HttpApi.Client", "modules\identity\src\Identity.HttpApi.Client\Identity.HttpApi.Client.csproj", "{1CA8B020-B3F4-49FB-8E73-51A6DD807F4C}"
EndProject
Project("{2150E333-8FDC-42A3-9474-1A3956D46DE8}") = "test", "test", "{5806FD87-0901-4047-B82C-DFBA8E81F724}"
EndProject
Project("{FAE04EC0-301F-11D3-BF4B-00C04F79EFBC}") = "Identity.Application.Tests", "modules\identity\test\Identity.Application.Tests\Identity.Application.Tests.csproj", "{928A10C4-1423-43FA-A239-7E86264938E4}"
EndProject
Project("{FAE04EC0-301F-11D3-BF4B-00C04F79EFBC}") = "Identity.Domain.Tests", "modules\identity\test\Identity.Domain.Tests\Identity.Domain.Tests.csproj", "{17BDED73-DB87-4720-B63D-0BEAD39BDF2E}"
EndProject
Project("{FAE04EC0-301F-11D3-BF4B-00C04F79EFBC}") = "Identity.EntityFrameworkCore.Tests", "modules\identity\test\Identity.EntityFrameworkCore.Tests\Identity.EntityFrameworkCore.Tests.csproj", "{4444C314-4B3D-4517-BBA0-E1D3F5BF237A}"
EndProject
Project("{FAE04EC0-301F-11D3-BF4B-00C04F79EFBC}") = "Identity.HttpApi.Client.ConsoleTestApp", "modules\identity\test\Identity.HttpApi.Client.ConsoleTestApp\Identity.HttpApi.Client.ConsoleTestApp.csproj", "{E819CA95-2A53-40AB-ABBD-90BEBCF7FCE9}"
EndProject
Project("{FAE04EC0-301F-11D3-BF4B-00C04F79EFBC}") = "Identity.TestBase", "modules\identity\test\Identity.TestBase\Identity.TestBase.csproj", "{49573E16-C899-4729-A768-819B271C5FAF}"
EndProject
Project("{2150E333-8FDC-42A3-9474-1A3956D46DE8}") = "monitor", "monitor", "{F6376C00-BA72-4C6E-A7FF-6861BCE75858}"
EndProject
Project("{2150E333-8FDC-42A3-9474-1A3956D46DE8}") = "src", "src", "{DBF182FB-0FC6-45CB-AFF8-89427774138B}"
EndProject
Project("{FAE04EC0-301F-11D3-BF4B-00C04F79EFBC}") = "Monitor.Application", "modules\monitor\src\Monitor.Application\Monitor.Application.csproj", "{3180B444-5D9B-4EBF-9D78-E19DBE75DDC2}"
EndProject
Project("{FAE04EC0-301F-11D3-BF4B-00C04F79EFBC}") = "Monitor.Application.Contracts", "modules\monitor\src\Monitor.Application.Contracts\Monitor.Application.Contracts.csproj", "{68113759-2A5E-47B3-8A73-65E1B324BE53}"
EndProject
Project("{FAE04EC0-301F-11D3-BF4B-00C04F79EFBC}") = "Monitor.Domain", "modules\monitor\src\Monitor.Domain\Monitor.Domain.csproj", "{5857A554-F56E-440D-8065-22AF77342139}"
EndProject
Project("{FAE04EC0-301F-11D3-BF4B-00C04F79EFBC}") = "Monitor.Domain.Shared", "modules\monitor\src\Monitor.Domain.Shared\Monitor.Domain.Shared.csproj", "{CBDE479F-B401-453E-878B-C952AE421B38}"
EndProject
Project("{FAE04EC0-301F-11D3-BF4B-00C04F79EFBC}") = "Monitor.EntityFrameworkCore", "modules\monitor\src\Monitor.EntityFrameworkCore\Monitor.EntityFrameworkCore.csproj", "{B086ADBD-6DC7-447F-8406-515BE113C83E}"
EndProject
Project("{FAE04EC0-301F-11D3-BF4B-00C04F79EFBC}") = "Monitor.HttpApi", "modules\monitor\src\Monitor.HttpApi\Monitor.HttpApi.csproj", "{61F66F2B-5595-4A50-8C28-AEAC5517D7B7}"
EndProject
Project("{FAE04EC0-301F-11D3-BF4B-00C04F79EFBC}") = "Monitor.HttpApi.Client", "modules\monitor\src\Monitor.HttpApi.Client\Monitor.HttpApi.Client.csproj", "{882FD3ED-89DE-44E5-9806-1B2D460D54D1}"
EndProject
Project("{2150E333-8FDC-42A3-9474-1A3956D46DE8}") = "test", "test", "{2D861453-8C5A-4A93-96CC-9F2B0BE6D88C}"
EndProject
Project("{FAE04EC0-301F-11D3-BF4B-00C04F79EFBC}") = "Monitor.Application.Tests", "modules\monitor\test\Monitor.Application.Tests\Monitor.Application.Tests.csproj", "{CDC41FCD-93F3-4D20-ADFF-A0C925DD3D93}"
EndProject
Project("{FAE04EC0-301F-11D3-BF4B-00C04F79EFBC}") = "Monitor.Domain.Tests", "modules\monitor\test\Monitor.Domain.Tests\Monitor.Domain.Tests.csproj", "{1C12071F-0B02-47CB-94E5-A83A0D3664C4}"
EndProject
Project("{FAE04EC0-301F-11D3-BF4B-00C04F79EFBC}") = "Monitor.EntityFrameworkCore.Tests", "modules\monitor\test\Monitor.EntityFrameworkCore.Tests\Monitor.EntityFrameworkCore.Tests.csproj", "{99626FC9-7E79-4D6B-9CBD-183C7F92CFFC}"
EndProject
Project("{FAE04EC0-301F-11D3-BF4B-00C04F79EFBC}") = "Monitor.HttpApi.Client.ConsoleTestApp", "modules\monitor\test\Monitor.HttpApi.Client.ConsoleTestApp\Monitor.HttpApi.Client.ConsoleTestApp.csproj", "{9DB1ACE6-2C5F-4AFA-8D22-AFA793FC1076}"
EndProject
Project("{FAE04EC0-301F-11D3-BF4B-00C04F79EFBC}") = "Monitor.TestBase", "modules\monitor\test\Monitor.TestBase\Monitor.TestBase.csproj", "{5C50D82F-0710-454E-940A-2B863E906DB2}"
EndProject
Project("{2150E333-8FDC-42A3-9474-1A3956D46DE8}") = "notification", "notification", "{48D87784-63AD-4D46-B13D-AC97E25FC127}"
EndProject
Project("{2150E333-8FDC-42A3-9474-1A3956D46DE8}") = "src", "src", "{333076FF-DD4C-4551-AF09-1079160E1CDF}"
EndProject
Project("{FAE04EC0-301F-11D3-BF4B-00C04F79EFBC}") = "Notification.Application", "modules\notification\src\Notification.Application\Notification.Application.csproj", "{846353DC-6E47-457A-9879-9192F9126B99}"
EndProject
Project("{FAE04EC0-301F-11D3-BF4B-00C04F79EFBC}") = "Notification.Application.Contracts", "modules\notification\src\Notification.Application.Contracts\Notification.Application.Contracts.csproj", "{A3F4BE4B-C66B-4B54-81C5-0789461F556F}"
EndProject
Project("{FAE04EC0-301F-11D3-BF4B-00C04F79EFBC}") = "Notification.Domain", "modules\notification\src\Notification.Domain\Notification.Domain.csproj", "{83A9495C-7281-4890-9822-50B4D4E99CBE}"
EndProject
Project("{FAE04EC0-301F-11D3-BF4B-00C04F79EFBC}") = "Notification.Domain.Shared", "modules\notification\src\Notification.Domain.Shared\Notification.Domain.Shared.csproj", "{8A35EBDB-1088-44BC-BBCE-BB51FFDB9BC1}"
EndProject
Project("{FAE04EC0-301F-11D3-BF4B-00C04F79EFBC}") = "Notification.EntityFrameworkCore", "modules\notification\src\Notification.EntityFrameworkCore\Notification.EntityFrameworkCore.csproj", "{C2FF55B2-F0C4-49D7-BAD2-2567B21940FD}"
EndProject
Project("{FAE04EC0-301F-11D3-BF4B-00C04F79EFBC}") = "Notification.HttpApi", "modules\notification\src\Notification.HttpApi\Notification.HttpApi.csproj", "{6D940A92-BC42-462F-9FDE-901AB8964914}"
EndProject
Project("{FAE04EC0-301F-11D3-BF4B-00C04F79EFBC}") = "Notification.HttpApi.Client", "modules\notification\src\Notification.HttpApi.Client\Notification.HttpApi.Client.csproj", "{51C6DE98-6691-450F-8E77-2DC685A47FEB}"
EndProject
Project("{2150E333-8FDC-42A3-9474-1A3956D46DE8}") = "test", "test", "{764AC5F5-847C-4C0D-8774-837FFB0110F2}"
EndProject
Project("{FAE04EC0-301F-11D3-BF4B-00C04F79EFBC}") = "Notification.Application.Tests", "modules\notification\test\Notification.Application.Tests\Notification.Application.Tests.csproj", "{E8B58AB5-CFC8-447B-99E7-30778B8D0DBB}"
EndProject
Project("{FAE04EC0-301F-11D3-BF4B-00C04F79EFBC}") = "Notification.Domain.Tests", "modules\notification\test\Notification.Domain.Tests\Notification.Domain.Tests.csproj", "{74278C09-AA69-453D-A787-EB4148E20397}"
EndProject
Project("{FAE04EC0-301F-11D3-BF4B-00C04F79EFBC}") = "Notification.EntityFrameworkCore.Tests", "modules\notification\test\Notification.EntityFrameworkCore.Tests\Notification.EntityFrameworkCore.Tests.csproj", "{C4EFC874-5D32-4A28-9FB1-D4C11AE67C02}"
EndProject
Project("{FAE04EC0-301F-11D3-BF4B-00C04F79EFBC}") = "Notification.HttpApi.Client.ConsoleTestApp", "modules\notification\test\Notification.HttpApi.Client.ConsoleTestApp\Notification.HttpApi.Client.ConsoleTestApp.csproj", "{AB6B7D20-487C-4175-8B89-895391643586}"
EndProject
Project("{FAE04EC0-301F-11D3-BF4B-00C04F79EFBC}") = "Notification.TestBase", "modules\notification\test\Notification.TestBase\Notification.TestBase.csproj", "{ABFD3505-2009-49C0-A192-7A2F2B6A21C2}"
EndProject
Project("{2150E333-8FDC-42A3-9474-1A3956D46DE8}") = "payment", "payment", "{375FA73C-57DC-4D9F-8087-35AC7A500BFE}"
EndProject
Project("{2150E333-8FDC-42A3-9474-1A3956D46DE8}") = "src", "src", "{24616BE2-FDEC-427A-9BF0-D19EBF693CCF}"
EndProject
Project("{FAE04EC0-301F-11D3-BF4B-00C04F79EFBC}") = "Payment.Application", "modules\payment\src\Payment.Application\Payment.Application.csproj", "{FDCC7C04-926C-43F6-B355-E77C8617FE69}"
EndProject
Project("{FAE04EC0-301F-11D3-BF4B-00C04F79EFBC}") = "Payment.Application.Contracts", "modules\payment\src\Payment.Application.Contracts\Payment.Application.Contracts.csproj", "{B5CB9792-54B1-49D1-9A5D-86165BB2E04D}"
EndProject
Project("{FAE04EC0-301F-11D3-BF4B-00C04F79EFBC}") = "Payment.Domain", "modules\payment\src\Payment.Domain\Payment.Domain.csproj", "{BC194F40-1D8B-4217-9F72-153B67FD0670}"
EndProject
Project("{FAE04EC0-301F-11D3-BF4B-00C04F79EFBC}") = "Payment.Domain.Shared", "modules\payment\src\Payment.Domain.Shared\Payment.Domain.Shared.csproj", "{93C88527-50E0-413D-A05E-57A462890057}"
EndProject
Project("{FAE04EC0-301F-11D3-BF4B-00C04F79EFBC}") = "Payment.EntityFrameworkCore", "modules\payment\src\Payment.EntityFrameworkCore\Payment.EntityFrameworkCore.csproj", "{8488FC60-60DB-4EB6-A6BB-B4720FED93FB}"
EndProject
Project("{FAE04EC0-301F-11D3-BF4B-00C04F79EFBC}") = "Payment.HttpApi", "modules\payment\src\Payment.HttpApi\Payment.HttpApi.csproj", "{23637ADF-8B72-4B6C-A205-13C36865D704}"
EndProject
Project("{FAE04EC0-301F-11D3-BF4B-00C04F79EFBC}") = "Payment.HttpApi.Client", "modules\payment\src\Payment.HttpApi.Client\Payment.HttpApi.Client.csproj", "{F08328F7-EFC9-4F76-A20C-B7CE60FFF5BB}"
EndProject
Project("{2150E333-8FDC-42A3-9474-1A3956D46DE8}") = "test", "test", "{C63C459C-73A7-4DA0-B687-CD8474FD311F}"
EndProject
Project("{FAE04EC0-301F-11D3-BF4B-00C04F79EFBC}") = "Payment.Application.Tests", "modules\payment\test\Payment.Application.Tests\Payment.Application.Tests.csproj", "{033A59BB-56C7-41D2-9BA4-C15CB46A6D6A}"
EndProject
Project("{FAE04EC0-301F-11D3-BF4B-00C04F79EFBC}") = "Payment.Domain.Tests", "modules\payment\test\Payment.Domain.Tests\Payment.Domain.Tests.csproj", "{8C3549EB-4B47-44F0-A327-3BD91FB3B404}"
EndProject
Project("{FAE04EC0-301F-11D3-BF4B-00C04F79EFBC}") = "Payment.EntityFrameworkCore.Tests", "modules\payment\test\Payment.EntityFrameworkCore.Tests\Payment.EntityFrameworkCore.Tests.csproj", "{E5A3F562-EFEB-4A77-8387-F1D080163818}"
EndProject
Project("{FAE04EC0-301F-11D3-BF4B-00C04F79EFBC}") = "Payment.HttpApi.Client.ConsoleTestApp", "modules\payment\test\Payment.HttpApi.Client.ConsoleTestApp\Payment.HttpApi.Client.ConsoleTestApp.csproj", "{968966A7-4DA2-422C-90D6-68E5C1852AF6}"
EndProject
Project("{FAE04EC0-301F-11D3-BF4B-00C04F79EFBC}") = "Payment.TestBase", "modules\payment\test\Payment.TestBase\Payment.TestBase.csproj", "{0B492EB0-D920-4997-AF6D-B3E19C97AE3A}"
EndProject
Project("{2150E333-8FDC-42A3-9474-1A3956D46DE8}") = "shared", "shared", "{076B77CF-CDAE-42F7-A250-07DBE053A73E}"
EndProject
Project("{FAE04EC0-301F-11D3-BF4B-00C04F79EFBC}") = "abp.microservices.EventBus", "shared\abp.microservices.EventBus\abp.microservices.EventBus.csproj", "{E02B9EFE-2FBE-45EC-8AB2-29DD0868D693}"
EndProject
Project("{FAE04EC0-301F-11D3-BF4B-00C04F79EFBC}") = "abp.microservices.Permisson", "shared\abp.microservices.Permisson\abp.microservices.Permisson.csproj", "{A8B8A511-62E0-49C5-8647-82D9A391FC48}"
EndProject
Project("{FAE04EC0-301F-11D3-BF4B-00C04F79EFBC}") = "abp.microservices.Security", "shared\abp.microservices.Security\abp.microservices.Security.csproj", "{242F92F4-748F-48B9-A455-2CF1231E5387}"
EndProject
Project("{FAE04EC0-301F-11D3-BF4B-00C04F79EFBC}") = "abp.microservices.Shared", "shared\abp.microservices.Shared\abp.microservices.Shared.csproj", "{71263290-32C2-4EDA-904B-35F4A0726063}"
EndProject
Project("{FAE04EC0-301F-11D3-BF4B-00C04F79EFBC}") = "CustomerService.Host", "microservices\CustomerService.Host\CustomerService.Host.csproj", "{3E181B91-2420-4C80-B5D9-34C84290D0D6}"
EndProject
Project("{2150E333-8FDC-42A3-9474-1A3956D46DE8}") = "customer", "customer", "{3D53FAF5-C98B-4271-A327-6002EEFEF014}"
EndProject
Project("{2150E333-8FDC-42A3-9474-1A3956D46DE8}") = "src", "src", "{9FAF5F16-753D-4D4F-8A6E-F00E6ACBE009}"
EndProject
Project("{FAE04EC0-301F-11D3-BF4B-00C04F79EFBC}") = "Customer.Application", "modules\customer\src\Customer.Application\Customer.Application.csproj", "{308211A7-9771-4EB0-B633-A260ADD564D5}"
EndProject
Project("{FAE04EC0-301F-11D3-BF4B-00C04F79EFBC}") = "Customer.Application.Contracts", "modules\customer\src\Customer.Application.Contracts\Customer.Application.Contracts.csproj", "{3EC22D42-9509-460E-AA8D-936A6B41056B}"
EndProject
Project("{FAE04EC0-301F-11D3-BF4B-00C04F79EFBC}") = "Customer.Domain", "modules\customer\src\Customer.Domain\Customer.Domain.csproj", "{9746C2D2-3740-4AE8-9A1D-6314794E0531}"
EndProject
Project("{FAE04EC0-301F-11D3-BF4B-00C04F79EFBC}") = "Customer.Domain.Shared", "modules\customer\src\Customer.Domain.Shared\Customer.Domain.Shared.csproj", "{2730CF9B-FDCD-46B6-885A-3BBC58B50B12}"
EndProject
Project("{FAE04EC0-301F-11D3-BF4B-00C04F79EFBC}") = "Customer.EntityFrameworkCore", "modules\customer\src\Customer.EntityFrameworkCore\Customer.EntityFrameworkCore.csproj", "{A9C0E72D-E1ED-41AE-95E9-F5D8FDE65ABB}"
EndProject
Project("{FAE04EC0-301F-11D3-BF4B-00C04F79EFBC}") = "Customer.HttpApi", "modules\customer\src\Customer.HttpApi\Customer.HttpApi.csproj", "{EF0DD497-DE37-4CF7-B856-AD05D3889FD3}"
EndProject
Project("{FAE04EC0-301F-11D3-BF4B-00C04F79EFBC}") = "Customer.HttpApi.Client", "modules\customer\src\Customer.HttpApi.Client\Customer.HttpApi.Client.csproj", "{69B6FB36-A67B-4A9F-8C7A-A6D6DB8424ED}"
EndProject
Project("{2150E333-8FDC-42A3-9474-1A3956D46DE8}") = "test", "test", "{B776CB2F-381C-4CFE-85F1-F5A85621BFAB}"
EndProject
Project("{FAE04EC0-301F-11D3-BF4B-00C04F79EFBC}") = "Customer.Application.Tests", "modules\customer\test\Customer.Application.Tests\Customer.Application.Tests.csproj", "{4E130385-CA78-4074-A81A-41DB58DC82AC}"
EndProject
Project("{FAE04EC0-301F-11D3-BF4B-00C04F79EFBC}") = "Customer.Domain.Tests", "modules\customer\test\Customer.Domain.Tests\Customer.Domain.Tests.csproj", "{C661BC44-561A-4309-B55E-30FDBA190596}"
EndProject
Project("{FAE04EC0-301F-11D3-BF4B-00C04F79EFBC}") = "Customer.EntityFrameworkCore.Tests", "modules\customer\test\Customer.EntityFrameworkCore.Tests\Customer.EntityFrameworkCore.Tests.csproj", "{0F8C24F5-4774-440D-AA72-5DD63F5E2079}"
EndProject
Project("{FAE04EC0-301F-11D3-BF4B-00C04F79EFBC}") = "Customer.HttpApi.Client.ConsoleTestApp", "modules\customer\test\Customer.HttpApi.Client.ConsoleTestApp\Customer.HttpApi.Client.ConsoleTestApp.csproj", "{350820FE-807C-410B-BEEC-B4A837DC7094}"
EndProject
Project("{FAE04EC0-301F-11D3-BF4B-00C04F79EFBC}") = "Customer.TestBase", "modules\customer\test\Customer.TestBase\Customer.TestBase.csproj", "{06C6B5C5-B88D-407C-89E1-5FD80EBC7532}"
EndProject
Project("{FAE04EC0-301F-11D3-BF4B-00C04F79EFBC}") = "ProductService.Host", "microservices\ProductService.Host\ProductService.Host.csproj", "{66837C66-033C-4292-94C4-3CC909AD1572}"
EndProject
Project("{2150E333-8FDC-42A3-9474-1A3956D46DE8}") = "product", "product", "{2CE0DD2A-6432-4AF0-BC9E-B10F607071A7}"
EndProject
Project("{2150E333-8FDC-42A3-9474-1A3956D46DE8}") = "src", "src", "{4631FB0F-B917-49DE-B292-FA7DD7724D10}"
EndProject
Project("{FAE04EC0-301F-11D3-BF4B-00C04F79EFBC}") = "Product.Application", "modules\product\src\Product.Application\Product.Application.csproj", "{1156D5A5-206D-42BD-8125-BDE7A1540923}"
EndProject
Project("{FAE04EC0-301F-11D3-BF4B-00C04F79EFBC}") = "Product.Application.Contracts", "modules\product\src\Product.Application.Contracts\Product.Application.Contracts.csproj", "{D1A8E695-2D9B-4FE1-BE2E-7FC3723C8783}"
EndProject
Project("{FAE04EC0-301F-11D3-BF4B-00C04F79EFBC}") = "Product.Domain", "modules\product\src\Product.Domain\Product.Domain.csproj", "{B04E377C-8A23-4C06-A6C7-13DB0994D98D}"
EndProject
Project("{FAE04EC0-301F-11D3-BF4B-00C04F79EFBC}") = "Product.Domain.Shared", "modules\product\src\Product.Domain.Shared\Product.Domain.Shared.csproj", "{ACF68AB7-286A-4DF5-B414-C1016141F117}"
EndProject
Project("{FAE04EC0-301F-11D3-BF4B-00C04F79EFBC}") = "Product.EntityFrameworkCore", "modules\product\src\Product.EntityFrameworkCore\Product.EntityFrameworkCore.csproj", "{2DE991FC-B06E-48C2-8328-41349F0E9290}"
EndProject
Project("{FAE04EC0-301F-11D3-BF4B-00C04F79EFBC}") = "Product.HttpApi", "modules\product\src\Product.HttpApi\Product.HttpApi.csproj", "{969F7ACC-3CDC-449B-98A2-1A8441CE9C77}"
EndProject
Project("{FAE04EC0-301F-11D3-BF4B-00C04F79EFBC}") = "Product.HttpApi.Client", "modules\product\src\Product.HttpApi.Client\Product.HttpApi.Client.csproj", "{2B498FC7-3F08-49AC-BF7A-AAFFB26F9736}"
EndProject
Project("{2150E333-8FDC-42A3-9474-1A3956D46DE8}") = "test", "test", "{F4DA6DEA-2AA9-4AAA-847C-2F504899FD84}"
EndProject
Project("{FAE04EC0-301F-11D3-BF4B-00C04F79EFBC}") = "Product.Application.Tests", "modules\product\test\Product.Application.Tests\Product.Application.Tests.csproj", "{D85A7D8B-609A-46F4-AC72-D72753A31EC8}"
EndProject
Project("{FAE04EC0-301F-11D3-BF4B-00C04F79EFBC}") = "Product.Domain.Tests", "modules\product\test\Product.Domain.Tests\Product.Domain.Tests.csproj", "{0E9EF5B0-BE3E-4D4E-AEFA-2CABA9AF8339}"
EndProject
Project("{FAE04EC0-301F-11D3-BF4B-00C04F79EFBC}") = "Product.EntityFrameworkCore.Tests", "modules\product\test\Product.EntityFrameworkCore.Tests\Product.EntityFrameworkCore.Tests.csproj", "{23D69F74-26F5-40BB-BEEF-2BCBFCEBF9D6}"
EndProject
Project("{FAE04EC0-301F-11D3-BF4B-00C04F79EFBC}") = "Product.HttpApi.Client.ConsoleTestApp", "modules\product\test\Product.HttpApi.Client.ConsoleTestApp\Product.HttpApi.Client.ConsoleTestApp.csproj", "{6721E452-14D1-4666-BAE5-772233A4C346}"
EndProject
Project("{FAE04EC0-301F-11D3-BF4B-00C04F79EFBC}") = "Product.TestBase", "modules\product\test\Product.TestBase\Product.TestBase.csproj", "{EFC27A1C-05BC-4642-B835-4DA64E835B8D}"
EndProject
Global
	GlobalSection(SolutionConfigurationPlatforms) = preSolution
		Debug|Any CPU = Debug|Any CPU
		Release|Any CPU = Release|Any CPU
	EndGlobalSection
	GlobalSection(SolutionProperties) = preSolution
		HideSolutionNode = FALSE
	EndGlobalSection
	GlobalSection(ProjectConfigurationPlatforms) = postSolution
		{110D92B7-10FB-4C8E-BD42-23DE324C9582}.Debug|Any CPU.ActiveCfg = Debug|Any CPU
		{110D92B7-10FB-4C8E-BD42-23DE324C9582}.Debug|Any CPU.Build.0 = Debug|Any CPU
		{110D92B7-10FB-4C8E-BD42-23DE324C9582}.Release|Any CPU.ActiveCfg = Release|Any CPU
		{110D92B7-10FB-4C8E-BD42-23DE324C9582}.Release|Any CPU.Build.0 = Release|Any CPU
		{D5504113-18D4-4CCA-8982-52B653530A47}.Debug|Any CPU.ActiveCfg = Debug|Any CPU
		{D5504113-18D4-4CCA-8982-52B653530A47}.Debug|Any CPU.Build.0 = Debug|Any CPU
		{D5504113-18D4-4CCA-8982-52B653530A47}.Release|Any CPU.ActiveCfg = Release|Any CPU
		{D5504113-18D4-4CCA-8982-52B653530A47}.Release|Any CPU.Build.0 = Release|Any CPU
		{2203FE76-0EF3-4196-A3D1-F763773C62CE}.Debug|Any CPU.ActiveCfg = Debug|Any CPU
		{2203FE76-0EF3-4196-A3D1-F763773C62CE}.Debug|Any CPU.Build.0 = Debug|Any CPU
		{2203FE76-0EF3-4196-A3D1-F763773C62CE}.Release|Any CPU.ActiveCfg = Release|Any CPU
		{2203FE76-0EF3-4196-A3D1-F763773C62CE}.Release|Any CPU.Build.0 = Release|Any CPU
		{94E50D65-CE41-47D1-9BFA-F4ABD23BEB95}.Debug|Any CPU.ActiveCfg = Debug|Any CPU
		{94E50D65-CE41-47D1-9BFA-F4ABD23BEB95}.Debug|Any CPU.Build.0 = Debug|Any CPU
		{94E50D65-CE41-47D1-9BFA-F4ABD23BEB95}.Release|Any CPU.ActiveCfg = Release|Any CPU
		{94E50D65-CE41-47D1-9BFA-F4ABD23BEB95}.Release|Any CPU.Build.0 = Release|Any CPU
		{284BCE07-F513-47F6-9909-FE4EC8C258CA}.Debug|Any CPU.ActiveCfg = Debug|Any CPU
		{284BCE07-F513-47F6-9909-FE4EC8C258CA}.Debug|Any CPU.Build.0 = Debug|Any CPU
		{284BCE07-F513-47F6-9909-FE4EC8C258CA}.Release|Any CPU.ActiveCfg = Release|Any CPU
		{284BCE07-F513-47F6-9909-FE4EC8C258CA}.Release|Any CPU.Build.0 = Release|Any CPU
		{DAC77AD0-33BC-4741-B62D-23E011DFBFC3}.Debug|Any CPU.ActiveCfg = Debug|Any CPU
		{DAC77AD0-33BC-4741-B62D-23E011DFBFC3}.Debug|Any CPU.Build.0 = Debug|Any CPU
		{DAC77AD0-33BC-4741-B62D-23E011DFBFC3}.Release|Any CPU.ActiveCfg = Release|Any CPU
		{DAC77AD0-33BC-4741-B62D-23E011DFBFC3}.Release|Any CPU.Build.0 = Release|Any CPU
		{41BE582B-9D07-48F8-9492-2403FD82F78A}.Debug|Any CPU.ActiveCfg = Debug|Any CPU
		{41BE582B-9D07-48F8-9492-2403FD82F78A}.Debug|Any CPU.Build.0 = Debug|Any CPU
		{41BE582B-9D07-48F8-9492-2403FD82F78A}.Release|Any CPU.ActiveCfg = Release|Any CPU
		{41BE582B-9D07-48F8-9492-2403FD82F78A}.Release|Any CPU.Build.0 = Release|Any CPU
		{B5874E2C-5F1A-40F8-BFA4-2DE5C9A2F2DA}.Debug|Any CPU.ActiveCfg = Debug|Any CPU
		{B5874E2C-5F1A-40F8-BFA4-2DE5C9A2F2DA}.Debug|Any CPU.Build.0 = Debug|Any CPU
		{B5874E2C-5F1A-40F8-BFA4-2DE5C9A2F2DA}.Release|Any CPU.ActiveCfg = Release|Any CPU
		{B5874E2C-5F1A-40F8-BFA4-2DE5C9A2F2DA}.Release|Any CPU.Build.0 = Release|Any CPU
		{EB46DA50-8179-4C1A-9A07-1C82375BB758}.Debug|Any CPU.ActiveCfg = Debug|Any CPU
		{EB46DA50-8179-4C1A-9A07-1C82375BB758}.Debug|Any CPU.Build.0 = Debug|Any CPU
		{EB46DA50-8179-4C1A-9A07-1C82375BB758}.Release|Any CPU.ActiveCfg = Release|Any CPU
		{EB46DA50-8179-4C1A-9A07-1C82375BB758}.Release|Any CPU.Build.0 = Release|Any CPU
		{3EA87027-8151-4406-9224-CB81A2A752E7}.Debug|Any CPU.ActiveCfg = Debug|Any CPU
		{3EA87027-8151-4406-9224-CB81A2A752E7}.Debug|Any CPU.Build.0 = Debug|Any CPU
		{3EA87027-8151-4406-9224-CB81A2A752E7}.Release|Any CPU.ActiveCfg = Release|Any CPU
		{3EA87027-8151-4406-9224-CB81A2A752E7}.Release|Any CPU.Build.0 = Release|Any CPU
		{169B1B42-AE06-41A7-84C4-1F1813C80438}.Debug|Any CPU.ActiveCfg = Debug|Any CPU
		{169B1B42-AE06-41A7-84C4-1F1813C80438}.Debug|Any CPU.Build.0 = Debug|Any CPU
		{169B1B42-AE06-41A7-84C4-1F1813C80438}.Release|Any CPU.ActiveCfg = Release|Any CPU
		{169B1B42-AE06-41A7-84C4-1F1813C80438}.Release|Any CPU.Build.0 = Release|Any CPU
		{72A03576-F849-49B2-AB43-F202FAED0D39}.Debug|Any CPU.ActiveCfg = Debug|Any CPU
		{72A03576-F849-49B2-AB43-F202FAED0D39}.Debug|Any CPU.Build.0 = Debug|Any CPU
		{72A03576-F849-49B2-AB43-F202FAED0D39}.Release|Any CPU.ActiveCfg = Release|Any CPU
		{72A03576-F849-49B2-AB43-F202FAED0D39}.Release|Any CPU.Build.0 = Release|Any CPU
		{B1DC3E93-1AA6-4351-98D2-4BB4CAA5E1CD}.Debug|Any CPU.ActiveCfg = Debug|Any CPU
		{B1DC3E93-1AA6-4351-98D2-4BB4CAA5E1CD}.Debug|Any CPU.Build.0 = Debug|Any CPU
		{B1DC3E93-1AA6-4351-98D2-4BB4CAA5E1CD}.Release|Any CPU.ActiveCfg = Release|Any CPU
		{B1DC3E93-1AA6-4351-98D2-4BB4CAA5E1CD}.Release|Any CPU.Build.0 = Release|Any CPU
		{E0695660-8612-40DB-87A3-A44BB607D3E1}.Debug|Any CPU.ActiveCfg = Debug|Any CPU
		{E0695660-8612-40DB-87A3-A44BB607D3E1}.Debug|Any CPU.Build.0 = Debug|Any CPU
		{E0695660-8612-40DB-87A3-A44BB607D3E1}.Release|Any CPU.ActiveCfg = Release|Any CPU
		{E0695660-8612-40DB-87A3-A44BB607D3E1}.Release|Any CPU.Build.0 = Release|Any CPU
		{CEA9C014-6C75-4108-8A72-135CC23F7A9B}.Debug|Any CPU.ActiveCfg = Debug|Any CPU
		{CEA9C014-6C75-4108-8A72-135CC23F7A9B}.Debug|Any CPU.Build.0 = Debug|Any CPU
		{CEA9C014-6C75-4108-8A72-135CC23F7A9B}.Release|Any CPU.ActiveCfg = Release|Any CPU
		{CEA9C014-6C75-4108-8A72-135CC23F7A9B}.Release|Any CPU.Build.0 = Release|Any CPU
		{52433D1D-CC01-4BAD-BE34-C721CDFA0F27}.Debug|Any CPU.ActiveCfg = Debug|Any CPU
		{52433D1D-CC01-4BAD-BE34-C721CDFA0F27}.Debug|Any CPU.Build.0 = Debug|Any CPU
		{52433D1D-CC01-4BAD-BE34-C721CDFA0F27}.Release|Any CPU.ActiveCfg = Release|Any CPU
		{52433D1D-CC01-4BAD-BE34-C721CDFA0F27}.Release|Any CPU.Build.0 = Release|Any CPU
		{A7D08C31-53F3-47B6-8DD2-034548AC2730}.Debug|Any CPU.ActiveCfg = Debug|Any CPU
		{A7D08C31-53F3-47B6-8DD2-034548AC2730}.Debug|Any CPU.Build.0 = Debug|Any CPU
		{A7D08C31-53F3-47B6-8DD2-034548AC2730}.Release|Any CPU.ActiveCfg = Release|Any CPU
		{A7D08C31-53F3-47B6-8DD2-034548AC2730}.Release|Any CPU.Build.0 = Release|Any CPU
		{6627FDD2-9DBE-4422-9E96-BFFC24E05395}.Debug|Any CPU.ActiveCfg = Debug|Any CPU
		{6627FDD2-9DBE-4422-9E96-BFFC24E05395}.Debug|Any CPU.Build.0 = Debug|Any CPU
		{6627FDD2-9DBE-4422-9E96-BFFC24E05395}.Release|Any CPU.ActiveCfg = Release|Any CPU
		{6627FDD2-9DBE-4422-9E96-BFFC24E05395}.Release|Any CPU.Build.0 = Release|Any CPU
		{42B9C877-B7C5-43AF-BB3D-B0485D6E8C8A}.Debug|Any CPU.ActiveCfg = Debug|Any CPU
		{42B9C877-B7C5-43AF-BB3D-B0485D6E8C8A}.Debug|Any CPU.Build.0 = Debug|Any CPU
		{42B9C877-B7C5-43AF-BB3D-B0485D6E8C8A}.Release|Any CPU.ActiveCfg = Release|Any CPU
		{42B9C877-B7C5-43AF-BB3D-B0485D6E8C8A}.Release|Any CPU.Build.0 = Release|Any CPU
		{9F0304E5-CD94-4737-9D66-5C21EB715099}.Debug|Any CPU.ActiveCfg = Debug|Any CPU
		{9F0304E5-CD94-4737-9D66-5C21EB715099}.Debug|Any CPU.Build.0 = Debug|Any CPU
		{9F0304E5-CD94-4737-9D66-5C21EB715099}.Release|Any CPU.ActiveCfg = Release|Any CPU
		{9F0304E5-CD94-4737-9D66-5C21EB715099}.Release|Any CPU.Build.0 = Release|Any CPU
		{C6F770F0-FE7F-4892-91F9-C470F4D92D4B}.Debug|Any CPU.ActiveCfg = Debug|Any CPU
		{C6F770F0-FE7F-4892-91F9-C470F4D92D4B}.Debug|Any CPU.Build.0 = Debug|Any CPU
		{C6F770F0-FE7F-4892-91F9-C470F4D92D4B}.Release|Any CPU.ActiveCfg = Release|Any CPU
		{C6F770F0-FE7F-4892-91F9-C470F4D92D4B}.Release|Any CPU.Build.0 = Release|Any CPU
		{2C94BA55-9D9B-41CF-B65A-E8F73A3D2FEE}.Debug|Any CPU.ActiveCfg = Debug|Any CPU
		{2C94BA55-9D9B-41CF-B65A-E8F73A3D2FEE}.Debug|Any CPU.Build.0 = Debug|Any CPU
		{2C94BA55-9D9B-41CF-B65A-E8F73A3D2FEE}.Release|Any CPU.ActiveCfg = Release|Any CPU
		{2C94BA55-9D9B-41CF-B65A-E8F73A3D2FEE}.Release|Any CPU.Build.0 = Release|Any CPU
		{6194340F-7891-4894-BC9B-DC1C756B4CA6}.Debug|Any CPU.ActiveCfg = Debug|Any CPU
		{6194340F-7891-4894-BC9B-DC1C756B4CA6}.Debug|Any CPU.Build.0 = Debug|Any CPU
		{6194340F-7891-4894-BC9B-DC1C756B4CA6}.Release|Any CPU.ActiveCfg = Release|Any CPU
		{6194340F-7891-4894-BC9B-DC1C756B4CA6}.Release|Any CPU.Build.0 = Release|Any CPU
		{93614CAE-ACE8-4F8C-A919-BE429B54BD15}.Debug|Any CPU.ActiveCfg = Debug|Any CPU
		{93614CAE-ACE8-4F8C-A919-BE429B54BD15}.Debug|Any CPU.Build.0 = Debug|Any CPU
		{93614CAE-ACE8-4F8C-A919-BE429B54BD15}.Release|Any CPU.ActiveCfg = Release|Any CPU
		{93614CAE-ACE8-4F8C-A919-BE429B54BD15}.Release|Any CPU.Build.0 = Release|Any CPU
		{32090EA8-B239-4DDA-9A65-F78AFE1F85BC}.Debug|Any CPU.ActiveCfg = Debug|Any CPU
		{32090EA8-B239-4DDA-9A65-F78AFE1F85BC}.Debug|Any CPU.Build.0 = Debug|Any CPU
		{32090EA8-B239-4DDA-9A65-F78AFE1F85BC}.Release|Any CPU.ActiveCfg = Release|Any CPU
		{32090EA8-B239-4DDA-9A65-F78AFE1F85BC}.Release|Any CPU.Build.0 = Release|Any CPU
		{BD331A40-3743-43BA-9D8B-C26D630FB31F}.Debug|Any CPU.ActiveCfg = Debug|Any CPU
		{BD331A40-3743-43BA-9D8B-C26D630FB31F}.Debug|Any CPU.Build.0 = Debug|Any CPU
		{BD331A40-3743-43BA-9D8B-C26D630FB31F}.Release|Any CPU.ActiveCfg = Release|Any CPU
		{BD331A40-3743-43BA-9D8B-C26D630FB31F}.Release|Any CPU.Build.0 = Release|Any CPU
		{56B3DC1A-0B01-4FB5-8BA2-F7ECC88E0272}.Debug|Any CPU.ActiveCfg = Debug|Any CPU
		{56B3DC1A-0B01-4FB5-8BA2-F7ECC88E0272}.Debug|Any CPU.Build.0 = Debug|Any CPU
		{56B3DC1A-0B01-4FB5-8BA2-F7ECC88E0272}.Release|Any CPU.ActiveCfg = Release|Any CPU
		{56B3DC1A-0B01-4FB5-8BA2-F7ECC88E0272}.Release|Any CPU.Build.0 = Release|Any CPU
		{1CA8B020-B3F4-49FB-8E73-51A6DD807F4C}.Debug|Any CPU.ActiveCfg = Debug|Any CPU
		{1CA8B020-B3F4-49FB-8E73-51A6DD807F4C}.Debug|Any CPU.Build.0 = Debug|Any CPU
		{1CA8B020-B3F4-49FB-8E73-51A6DD807F4C}.Release|Any CPU.ActiveCfg = Release|Any CPU
		{1CA8B020-B3F4-49FB-8E73-51A6DD807F4C}.Release|Any CPU.Build.0 = Release|Any CPU
		{928A10C4-1423-43FA-A239-7E86264938E4}.Debug|Any CPU.ActiveCfg = Debug|Any CPU
		{928A10C4-1423-43FA-A239-7E86264938E4}.Debug|Any CPU.Build.0 = Debug|Any CPU
		{928A10C4-1423-43FA-A239-7E86264938E4}.Release|Any CPU.ActiveCfg = Release|Any CPU
		{928A10C4-1423-43FA-A239-7E86264938E4}.Release|Any CPU.Build.0 = Release|Any CPU
		{17BDED73-DB87-4720-B63D-0BEAD39BDF2E}.Debug|Any CPU.ActiveCfg = Debug|Any CPU
		{17BDED73-DB87-4720-B63D-0BEAD39BDF2E}.Debug|Any CPU.Build.0 = Debug|Any CPU
		{17BDED73-DB87-4720-B63D-0BEAD39BDF2E}.Release|Any CPU.ActiveCfg = Release|Any CPU
		{17BDED73-DB87-4720-B63D-0BEAD39BDF2E}.Release|Any CPU.Build.0 = Release|Any CPU
		{4444C314-4B3D-4517-BBA0-E1D3F5BF237A}.Debug|Any CPU.ActiveCfg = Debug|Any CPU
		{4444C314-4B3D-4517-BBA0-E1D3F5BF237A}.Debug|Any CPU.Build.0 = Debug|Any CPU
		{4444C314-4B3D-4517-BBA0-E1D3F5BF237A}.Release|Any CPU.ActiveCfg = Release|Any CPU
		{4444C314-4B3D-4517-BBA0-E1D3F5BF237A}.Release|Any CPU.Build.0 = Release|Any CPU
		{E819CA95-2A53-40AB-ABBD-90BEBCF7FCE9}.Debug|Any CPU.ActiveCfg = Debug|Any CPU
		{E819CA95-2A53-40AB-ABBD-90BEBCF7FCE9}.Debug|Any CPU.Build.0 = Debug|Any CPU
		{E819CA95-2A53-40AB-ABBD-90BEBCF7FCE9}.Release|Any CPU.ActiveCfg = Release|Any CPU
		{E819CA95-2A53-40AB-ABBD-90BEBCF7FCE9}.Release|Any CPU.Build.0 = Release|Any CPU
		{49573E16-C899-4729-A768-819B271C5FAF}.Debug|Any CPU.ActiveCfg = Debug|Any CPU
		{49573E16-C899-4729-A768-819B271C5FAF}.Debug|Any CPU.Build.0 = Debug|Any CPU
		{49573E16-C899-4729-A768-819B271C5FAF}.Release|Any CPU.ActiveCfg = Release|Any CPU
		{49573E16-C899-4729-A768-819B271C5FAF}.Release|Any CPU.Build.0 = Release|Any CPU
		{3180B444-5D9B-4EBF-9D78-E19DBE75DDC2}.Debug|Any CPU.ActiveCfg = Debug|Any CPU
		{3180B444-5D9B-4EBF-9D78-E19DBE75DDC2}.Debug|Any CPU.Build.0 = Debug|Any CPU
		{3180B444-5D9B-4EBF-9D78-E19DBE75DDC2}.Release|Any CPU.ActiveCfg = Release|Any CPU
		{3180B444-5D9B-4EBF-9D78-E19DBE75DDC2}.Release|Any CPU.Build.0 = Release|Any CPU
		{68113759-2A5E-47B3-8A73-65E1B324BE53}.Debug|Any CPU.ActiveCfg = Debug|Any CPU
		{68113759-2A5E-47B3-8A73-65E1B324BE53}.Debug|Any CPU.Build.0 = Debug|Any CPU
		{68113759-2A5E-47B3-8A73-65E1B324BE53}.Release|Any CPU.ActiveCfg = Release|Any CPU
		{68113759-2A5E-47B3-8A73-65E1B324BE53}.Release|Any CPU.Build.0 = Release|Any CPU
		{5857A554-F56E-440D-8065-22AF77342139}.Debug|Any CPU.ActiveCfg = Debug|Any CPU
		{5857A554-F56E-440D-8065-22AF77342139}.Debug|Any CPU.Build.0 = Debug|Any CPU
		{5857A554-F56E-440D-8065-22AF77342139}.Release|Any CPU.ActiveCfg = Release|Any CPU
		{5857A554-F56E-440D-8065-22AF77342139}.Release|Any CPU.Build.0 = Release|Any CPU
		{CBDE479F-B401-453E-878B-C952AE421B38}.Debug|Any CPU.ActiveCfg = Debug|Any CPU
		{CBDE479F-B401-453E-878B-C952AE421B38}.Debug|Any CPU.Build.0 = Debug|Any CPU
		{CBDE479F-B401-453E-878B-C952AE421B38}.Release|Any CPU.ActiveCfg = Release|Any CPU
		{CBDE479F-B401-453E-878B-C952AE421B38}.Release|Any CPU.Build.0 = Release|Any CPU
		{B086ADBD-6DC7-447F-8406-515BE113C83E}.Debug|Any CPU.ActiveCfg = Debug|Any CPU
		{B086ADBD-6DC7-447F-8406-515BE113C83E}.Debug|Any CPU.Build.0 = Debug|Any CPU
		{B086ADBD-6DC7-447F-8406-515BE113C83E}.Release|Any CPU.ActiveCfg = Release|Any CPU
		{B086ADBD-6DC7-447F-8406-515BE113C83E}.Release|Any CPU.Build.0 = Release|Any CPU
		{61F66F2B-5595-4A50-8C28-AEAC5517D7B7}.Debug|Any CPU.ActiveCfg = Debug|Any CPU
		{61F66F2B-5595-4A50-8C28-AEAC5517D7B7}.Debug|Any CPU.Build.0 = Debug|Any CPU
		{61F66F2B-5595-4A50-8C28-AEAC5517D7B7}.Release|Any CPU.ActiveCfg = Release|Any CPU
		{61F66F2B-5595-4A50-8C28-AEAC5517D7B7}.Release|Any CPU.Build.0 = Release|Any CPU
		{882FD3ED-89DE-44E5-9806-1B2D460D54D1}.Debug|Any CPU.ActiveCfg = Debug|Any CPU
		{882FD3ED-89DE-44E5-9806-1B2D460D54D1}.Debug|Any CPU.Build.0 = Debug|Any CPU
		{882FD3ED-89DE-44E5-9806-1B2D460D54D1}.Release|Any CPU.ActiveCfg = Release|Any CPU
		{882FD3ED-89DE-44E5-9806-1B2D460D54D1}.Release|Any CPU.Build.0 = Release|Any CPU
		{CDC41FCD-93F3-4D20-ADFF-A0C925DD3D93}.Debug|Any CPU.ActiveCfg = Debug|Any CPU
		{CDC41FCD-93F3-4D20-ADFF-A0C925DD3D93}.Debug|Any CPU.Build.0 = Debug|Any CPU
		{CDC41FCD-93F3-4D20-ADFF-A0C925DD3D93}.Release|Any CPU.ActiveCfg = Release|Any CPU
		{CDC41FCD-93F3-4D20-ADFF-A0C925DD3D93}.Release|Any CPU.Build.0 = Release|Any CPU
		{1C12071F-0B02-47CB-94E5-A83A0D3664C4}.Debug|Any CPU.ActiveCfg = Debug|Any CPU
		{1C12071F-0B02-47CB-94E5-A83A0D3664C4}.Debug|Any CPU.Build.0 = Debug|Any CPU
		{1C12071F-0B02-47CB-94E5-A83A0D3664C4}.Release|Any CPU.ActiveCfg = Release|Any CPU
		{1C12071F-0B02-47CB-94E5-A83A0D3664C4}.Release|Any CPU.Build.0 = Release|Any CPU
		{99626FC9-7E79-4D6B-9CBD-183C7F92CFFC}.Debug|Any CPU.ActiveCfg = Debug|Any CPU
		{99626FC9-7E79-4D6B-9CBD-183C7F92CFFC}.Debug|Any CPU.Build.0 = Debug|Any CPU
		{99626FC9-7E79-4D6B-9CBD-183C7F92CFFC}.Release|Any CPU.ActiveCfg = Release|Any CPU
		{99626FC9-7E79-4D6B-9CBD-183C7F92CFFC}.Release|Any CPU.Build.0 = Release|Any CPU
		{9DB1ACE6-2C5F-4AFA-8D22-AFA793FC1076}.Debug|Any CPU.ActiveCfg = Debug|Any CPU
		{9DB1ACE6-2C5F-4AFA-8D22-AFA793FC1076}.Debug|Any CPU.Build.0 = Debug|Any CPU
		{9DB1ACE6-2C5F-4AFA-8D22-AFA793FC1076}.Release|Any CPU.ActiveCfg = Release|Any CPU
		{9DB1ACE6-2C5F-4AFA-8D22-AFA793FC1076}.Release|Any CPU.Build.0 = Release|Any CPU
		{5C50D82F-0710-454E-940A-2B863E906DB2}.Debug|Any CPU.ActiveCfg = Debug|Any CPU
		{5C50D82F-0710-454E-940A-2B863E906DB2}.Debug|Any CPU.Build.0 = Debug|Any CPU
		{5C50D82F-0710-454E-940A-2B863E906DB2}.Release|Any CPU.ActiveCfg = Release|Any CPU
		{5C50D82F-0710-454E-940A-2B863E906DB2}.Release|Any CPU.Build.0 = Release|Any CPU
		{846353DC-6E47-457A-9879-9192F9126B99}.Debug|Any CPU.ActiveCfg = Debug|Any CPU
		{846353DC-6E47-457A-9879-9192F9126B99}.Debug|Any CPU.Build.0 = Debug|Any CPU
		{846353DC-6E47-457A-9879-9192F9126B99}.Release|Any CPU.ActiveCfg = Release|Any CPU
		{846353DC-6E47-457A-9879-9192F9126B99}.Release|Any CPU.Build.0 = Release|Any CPU
		{A3F4BE4B-C66B-4B54-81C5-0789461F556F}.Debug|Any CPU.ActiveCfg = Debug|Any CPU
		{A3F4BE4B-C66B-4B54-81C5-0789461F556F}.Debug|Any CPU.Build.0 = Debug|Any CPU
		{A3F4BE4B-C66B-4B54-81C5-0789461F556F}.Release|Any CPU.ActiveCfg = Release|Any CPU
		{A3F4BE4B-C66B-4B54-81C5-0789461F556F}.Release|Any CPU.Build.0 = Release|Any CPU
		{83A9495C-7281-4890-9822-50B4D4E99CBE}.Debug|Any CPU.ActiveCfg = Debug|Any CPU
		{83A9495C-7281-4890-9822-50B4D4E99CBE}.Debug|Any CPU.Build.0 = Debug|Any CPU
		{83A9495C-7281-4890-9822-50B4D4E99CBE}.Release|Any CPU.ActiveCfg = Release|Any CPU
		{83A9495C-7281-4890-9822-50B4D4E99CBE}.Release|Any CPU.Build.0 = Release|Any CPU
		{8A35EBDB-1088-44BC-BBCE-BB51FFDB9BC1}.Debug|Any CPU.ActiveCfg = Debug|Any CPU
		{8A35EBDB-1088-44BC-BBCE-BB51FFDB9BC1}.Debug|Any CPU.Build.0 = Debug|Any CPU
		{8A35EBDB-1088-44BC-BBCE-BB51FFDB9BC1}.Release|Any CPU.ActiveCfg = Release|Any CPU
		{8A35EBDB-1088-44BC-BBCE-BB51FFDB9BC1}.Release|Any CPU.Build.0 = Release|Any CPU
		{C2FF55B2-F0C4-49D7-BAD2-2567B21940FD}.Debug|Any CPU.ActiveCfg = Debug|Any CPU
		{C2FF55B2-F0C4-49D7-BAD2-2567B21940FD}.Debug|Any CPU.Build.0 = Debug|Any CPU
		{C2FF55B2-F0C4-49D7-BAD2-2567B21940FD}.Release|Any CPU.ActiveCfg = Release|Any CPU
		{C2FF55B2-F0C4-49D7-BAD2-2567B21940FD}.Release|Any CPU.Build.0 = Release|Any CPU
		{6D940A92-BC42-462F-9FDE-901AB8964914}.Debug|Any CPU.ActiveCfg = Debug|Any CPU
		{6D940A92-BC42-462F-9FDE-901AB8964914}.Debug|Any CPU.Build.0 = Debug|Any CPU
		{6D940A92-BC42-462F-9FDE-901AB8964914}.Release|Any CPU.ActiveCfg = Release|Any CPU
		{6D940A92-BC42-462F-9FDE-901AB8964914}.Release|Any CPU.Build.0 = Release|Any CPU
		{51C6DE98-6691-450F-8E77-2DC685A47FEB}.Debug|Any CPU.ActiveCfg = Debug|Any CPU
		{51C6DE98-6691-450F-8E77-2DC685A47FEB}.Debug|Any CPU.Build.0 = Debug|Any CPU
		{51C6DE98-6691-450F-8E77-2DC685A47FEB}.Release|Any CPU.ActiveCfg = Release|Any CPU
		{51C6DE98-6691-450F-8E77-2DC685A47FEB}.Release|Any CPU.Build.0 = Release|Any CPU
		{E8B58AB5-CFC8-447B-99E7-30778B8D0DBB}.Debug|Any CPU.ActiveCfg = Debug|Any CPU
		{E8B58AB5-CFC8-447B-99E7-30778B8D0DBB}.Debug|Any CPU.Build.0 = Debug|Any CPU
		{E8B58AB5-CFC8-447B-99E7-30778B8D0DBB}.Release|Any CPU.ActiveCfg = Release|Any CPU
		{E8B58AB5-CFC8-447B-99E7-30778B8D0DBB}.Release|Any CPU.Build.0 = Release|Any CPU
		{74278C09-AA69-453D-A787-EB4148E20397}.Debug|Any CPU.ActiveCfg = Debug|Any CPU
		{74278C09-AA69-453D-A787-EB4148E20397}.Debug|Any CPU.Build.0 = Debug|Any CPU
		{74278C09-AA69-453D-A787-EB4148E20397}.Release|Any CPU.ActiveCfg = Release|Any CPU
		{74278C09-AA69-453D-A787-EB4148E20397}.Release|Any CPU.Build.0 = Release|Any CPU
		{C4EFC874-5D32-4A28-9FB1-D4C11AE67C02}.Debug|Any CPU.ActiveCfg = Debug|Any CPU
		{C4EFC874-5D32-4A28-9FB1-D4C11AE67C02}.Debug|Any CPU.Build.0 = Debug|Any CPU
		{C4EFC874-5D32-4A28-9FB1-D4C11AE67C02}.Release|Any CPU.ActiveCfg = Release|Any CPU
		{C4EFC874-5D32-4A28-9FB1-D4C11AE67C02}.Release|Any CPU.Build.0 = Release|Any CPU
		{AB6B7D20-487C-4175-8B89-895391643586}.Debug|Any CPU.ActiveCfg = Debug|Any CPU
		{AB6B7D20-487C-4175-8B89-895391643586}.Debug|Any CPU.Build.0 = Debug|Any CPU
		{AB6B7D20-487C-4175-8B89-895391643586}.Release|Any CPU.ActiveCfg = Release|Any CPU
		{AB6B7D20-487C-4175-8B89-895391643586}.Release|Any CPU.Build.0 = Release|Any CPU
		{ABFD3505-2009-49C0-A192-7A2F2B6A21C2}.Debug|Any CPU.ActiveCfg = Debug|Any CPU
		{ABFD3505-2009-49C0-A192-7A2F2B6A21C2}.Debug|Any CPU.Build.0 = Debug|Any CPU
		{ABFD3505-2009-49C0-A192-7A2F2B6A21C2}.Release|Any CPU.ActiveCfg = Release|Any CPU
		{ABFD3505-2009-49C0-A192-7A2F2B6A21C2}.Release|Any CPU.Build.0 = Release|Any CPU
		{FDCC7C04-926C-43F6-B355-E77C8617FE69}.Debug|Any CPU.ActiveCfg = Debug|Any CPU
		{FDCC7C04-926C-43F6-B355-E77C8617FE69}.Debug|Any CPU.Build.0 = Debug|Any CPU
		{FDCC7C04-926C-43F6-B355-E77C8617FE69}.Release|Any CPU.ActiveCfg = Release|Any CPU
		{FDCC7C04-926C-43F6-B355-E77C8617FE69}.Release|Any CPU.Build.0 = Release|Any CPU
		{B5CB9792-54B1-49D1-9A5D-86165BB2E04D}.Debug|Any CPU.ActiveCfg = Debug|Any CPU
		{B5CB9792-54B1-49D1-9A5D-86165BB2E04D}.Debug|Any CPU.Build.0 = Debug|Any CPU
		{B5CB9792-54B1-49D1-9A5D-86165BB2E04D}.Release|Any CPU.ActiveCfg = Release|Any CPU
		{B5CB9792-54B1-49D1-9A5D-86165BB2E04D}.Release|Any CPU.Build.0 = Release|Any CPU
		{BC194F40-1D8B-4217-9F72-153B67FD0670}.Debug|Any CPU.ActiveCfg = Debug|Any CPU
		{BC194F40-1D8B-4217-9F72-153B67FD0670}.Debug|Any CPU.Build.0 = Debug|Any CPU
		{BC194F40-1D8B-4217-9F72-153B67FD0670}.Release|Any CPU.ActiveCfg = Release|Any CPU
		{BC194F40-1D8B-4217-9F72-153B67FD0670}.Release|Any CPU.Build.0 = Release|Any CPU
		{93C88527-50E0-413D-A05E-57A462890057}.Debug|Any CPU.ActiveCfg = Debug|Any CPU
		{93C88527-50E0-413D-A05E-57A462890057}.Debug|Any CPU.Build.0 = Debug|Any CPU
		{93C88527-50E0-413D-A05E-57A462890057}.Release|Any CPU.ActiveCfg = Release|Any CPU
		{93C88527-50E0-413D-A05E-57A462890057}.Release|Any CPU.Build.0 = Release|Any CPU
		{8488FC60-60DB-4EB6-A6BB-B4720FED93FB}.Debug|Any CPU.ActiveCfg = Debug|Any CPU
		{8488FC60-60DB-4EB6-A6BB-B4720FED93FB}.Debug|Any CPU.Build.0 = Debug|Any CPU
		{8488FC60-60DB-4EB6-A6BB-B4720FED93FB}.Release|Any CPU.ActiveCfg = Release|Any CPU
		{8488FC60-60DB-4EB6-A6BB-B4720FED93FB}.Release|Any CPU.Build.0 = Release|Any CPU
		{23637ADF-8B72-4B6C-A205-13C36865D704}.Debug|Any CPU.ActiveCfg = Debug|Any CPU
		{23637ADF-8B72-4B6C-A205-13C36865D704}.Debug|Any CPU.Build.0 = Debug|Any CPU
		{23637ADF-8B72-4B6C-A205-13C36865D704}.Release|Any CPU.ActiveCfg = Release|Any CPU
		{23637ADF-8B72-4B6C-A205-13C36865D704}.Release|Any CPU.Build.0 = Release|Any CPU
		{F08328F7-EFC9-4F76-A20C-B7CE60FFF5BB}.Debug|Any CPU.ActiveCfg = Debug|Any CPU
		{F08328F7-EFC9-4F76-A20C-B7CE60FFF5BB}.Debug|Any CPU.Build.0 = Debug|Any CPU
		{F08328F7-EFC9-4F76-A20C-B7CE60FFF5BB}.Release|Any CPU.ActiveCfg = Release|Any CPU
		{F08328F7-EFC9-4F76-A20C-B7CE60FFF5BB}.Release|Any CPU.Build.0 = Release|Any CPU
		{033A59BB-56C7-41D2-9BA4-C15CB46A6D6A}.Debug|Any CPU.ActiveCfg = Debug|Any CPU
		{033A59BB-56C7-41D2-9BA4-C15CB46A6D6A}.Debug|Any CPU.Build.0 = Debug|Any CPU
		{033A59BB-56C7-41D2-9BA4-C15CB46A6D6A}.Release|Any CPU.ActiveCfg = Release|Any CPU
		{033A59BB-56C7-41D2-9BA4-C15CB46A6D6A}.Release|Any CPU.Build.0 = Release|Any CPU
		{8C3549EB-4B47-44F0-A327-3BD91FB3B404}.Debug|Any CPU.ActiveCfg = Debug|Any CPU
		{8C3549EB-4B47-44F0-A327-3BD91FB3B404}.Debug|Any CPU.Build.0 = Debug|Any CPU
		{8C3549EB-4B47-44F0-A327-3BD91FB3B404}.Release|Any CPU.ActiveCfg = Release|Any CPU
		{8C3549EB-4B47-44F0-A327-3BD91FB3B404}.Release|Any CPU.Build.0 = Release|Any CPU
		{E5A3F562-EFEB-4A77-8387-F1D080163818}.Debug|Any CPU.ActiveCfg = Debug|Any CPU
		{E5A3F562-EFEB-4A77-8387-F1D080163818}.Debug|Any CPU.Build.0 = Debug|Any CPU
		{E5A3F562-EFEB-4A77-8387-F1D080163818}.Release|Any CPU.ActiveCfg = Release|Any CPU
		{E5A3F562-EFEB-4A77-8387-F1D080163818}.Release|Any CPU.Build.0 = Release|Any CPU
		{968966A7-4DA2-422C-90D6-68E5C1852AF6}.Debug|Any CPU.ActiveCfg = Debug|Any CPU
		{968966A7-4DA2-422C-90D6-68E5C1852AF6}.Debug|Any CPU.Build.0 = Debug|Any CPU
		{968966A7-4DA2-422C-90D6-68E5C1852AF6}.Release|Any CPU.ActiveCfg = Release|Any CPU
		{968966A7-4DA2-422C-90D6-68E5C1852AF6}.Release|Any CPU.Build.0 = Release|Any CPU
		{0B492EB0-D920-4997-AF6D-B3E19C97AE3A}.Debug|Any CPU.ActiveCfg = Debug|Any CPU
		{0B492EB0-D920-4997-AF6D-B3E19C97AE3A}.Debug|Any CPU.Build.0 = Debug|Any CPU
		{0B492EB0-D920-4997-AF6D-B3E19C97AE3A}.Release|Any CPU.ActiveCfg = Release|Any CPU
		{0B492EB0-D920-4997-AF6D-B3E19C97AE3A}.Release|Any CPU.Build.0 = Release|Any CPU
		{E02B9EFE-2FBE-45EC-8AB2-29DD0868D693}.Debug|Any CPU.ActiveCfg = Debug|Any CPU
		{E02B9EFE-2FBE-45EC-8AB2-29DD0868D693}.Debug|Any CPU.Build.0 = Debug|Any CPU
		{E02B9EFE-2FBE-45EC-8AB2-29DD0868D693}.Release|Any CPU.ActiveCfg = Release|Any CPU
		{E02B9EFE-2FBE-45EC-8AB2-29DD0868D693}.Release|Any CPU.Build.0 = Release|Any CPU
		{A8B8A511-62E0-49C5-8647-82D9A391FC48}.Debug|Any CPU.ActiveCfg = Debug|Any CPU
		{A8B8A511-62E0-49C5-8647-82D9A391FC48}.Debug|Any CPU.Build.0 = Debug|Any CPU
		{A8B8A511-62E0-49C5-8647-82D9A391FC48}.Release|Any CPU.ActiveCfg = Release|Any CPU
		{A8B8A511-62E0-49C5-8647-82D9A391FC48}.Release|Any CPU.Build.0 = Release|Any CPU
		{242F92F4-748F-48B9-A455-2CF1231E5387}.Debug|Any CPU.ActiveCfg = Debug|Any CPU
		{242F92F4-748F-48B9-A455-2CF1231E5387}.Debug|Any CPU.Build.0 = Debug|Any CPU
		{242F92F4-748F-48B9-A455-2CF1231E5387}.Release|Any CPU.ActiveCfg = Release|Any CPU
		{242F92F4-748F-48B9-A455-2CF1231E5387}.Release|Any CPU.Build.0 = Release|Any CPU
		{71263290-32C2-4EDA-904B-35F4A0726063}.Debug|Any CPU.ActiveCfg = Debug|Any CPU
		{71263290-32C2-4EDA-904B-35F4A0726063}.Debug|Any CPU.Build.0 = Debug|Any CPU
		{71263290-32C2-4EDA-904B-35F4A0726063}.Release|Any CPU.ActiveCfg = Release|Any CPU
		{71263290-32C2-4EDA-904B-35F4A0726063}.Release|Any CPU.Build.0 = Release|Any CPU
		{3E181B91-2420-4C80-B5D9-34C84290D0D6}.Debug|Any CPU.ActiveCfg = Debug|Any CPU
		{3E181B91-2420-4C80-B5D9-34C84290D0D6}.Debug|Any CPU.Build.0 = Debug|Any CPU
		{3E181B91-2420-4C80-B5D9-34C84290D0D6}.Release|Any CPU.ActiveCfg = Release|Any CPU
		{3E181B91-2420-4C80-B5D9-34C84290D0D6}.Release|Any CPU.Build.0 = Release|Any CPU
		{308211A7-9771-4EB0-B633-A260ADD564D5}.Debug|Any CPU.ActiveCfg = Debug|Any CPU
		{308211A7-9771-4EB0-B633-A260ADD564D5}.Debug|Any CPU.Build.0 = Debug|Any CPU
		{308211A7-9771-4EB0-B633-A260ADD564D5}.Release|Any CPU.ActiveCfg = Release|Any CPU
		{308211A7-9771-4EB0-B633-A260ADD564D5}.Release|Any CPU.Build.0 = Release|Any CPU
		{3EC22D42-9509-460E-AA8D-936A6B41056B}.Debug|Any CPU.ActiveCfg = Debug|Any CPU
		{3EC22D42-9509-460E-AA8D-936A6B41056B}.Debug|Any CPU.Build.0 = Debug|Any CPU
		{3EC22D42-9509-460E-AA8D-936A6B41056B}.Release|Any CPU.ActiveCfg = Release|Any CPU
		{3EC22D42-9509-460E-AA8D-936A6B41056B}.Release|Any CPU.Build.0 = Release|Any CPU
		{9746C2D2-3740-4AE8-9A1D-6314794E0531}.Debug|Any CPU.ActiveCfg = Debug|Any CPU
		{9746C2D2-3740-4AE8-9A1D-6314794E0531}.Debug|Any CPU.Build.0 = Debug|Any CPU
		{9746C2D2-3740-4AE8-9A1D-6314794E0531}.Release|Any CPU.ActiveCfg = Release|Any CPU
		{9746C2D2-3740-4AE8-9A1D-6314794E0531}.Release|Any CPU.Build.0 = Release|Any CPU
		{2730CF9B-FDCD-46B6-885A-3BBC58B50B12}.Debug|Any CPU.ActiveCfg = Debug|Any CPU
		{2730CF9B-FDCD-46B6-885A-3BBC58B50B12}.Debug|Any CPU.Build.0 = Debug|Any CPU
		{2730CF9B-FDCD-46B6-885A-3BBC58B50B12}.Release|Any CPU.ActiveCfg = Release|Any CPU
		{2730CF9B-FDCD-46B6-885A-3BBC58B50B12}.Release|Any CPU.Build.0 = Release|Any CPU
		{A9C0E72D-E1ED-41AE-95E9-F5D8FDE65ABB}.Debug|Any CPU.ActiveCfg = Debug|Any CPU
		{A9C0E72D-E1ED-41AE-95E9-F5D8FDE65ABB}.Debug|Any CPU.Build.0 = Debug|Any CPU
		{A9C0E72D-E1ED-41AE-95E9-F5D8FDE65ABB}.Release|Any CPU.ActiveCfg = Release|Any CPU
		{A9C0E72D-E1ED-41AE-95E9-F5D8FDE65ABB}.Release|Any CPU.Build.0 = Release|Any CPU
		{EF0DD497-DE37-4CF7-B856-AD05D3889FD3}.Debug|Any CPU.ActiveCfg = Debug|Any CPU
		{EF0DD497-DE37-4CF7-B856-AD05D3889FD3}.Debug|Any CPU.Build.0 = Debug|Any CPU
		{EF0DD497-DE37-4CF7-B856-AD05D3889FD3}.Release|Any CPU.ActiveCfg = Release|Any CPU
		{EF0DD497-DE37-4CF7-B856-AD05D3889FD3}.Release|Any CPU.Build.0 = Release|Any CPU
		{69B6FB36-A67B-4A9F-8C7A-A6D6DB8424ED}.Debug|Any CPU.ActiveCfg = Debug|Any CPU
		{69B6FB36-A67B-4A9F-8C7A-A6D6DB8424ED}.Debug|Any CPU.Build.0 = Debug|Any CPU
		{69B6FB36-A67B-4A9F-8C7A-A6D6DB8424ED}.Release|Any CPU.ActiveCfg = Release|Any CPU
		{69B6FB36-A67B-4A9F-8C7A-A6D6DB8424ED}.Release|Any CPU.Build.0 = Release|Any CPU
		{4E130385-CA78-4074-A81A-41DB58DC82AC}.Debug|Any CPU.ActiveCfg = Debug|Any CPU
		{4E130385-CA78-4074-A81A-41DB58DC82AC}.Debug|Any CPU.Build.0 = Debug|Any CPU
		{4E130385-CA78-4074-A81A-41DB58DC82AC}.Release|Any CPU.ActiveCfg = Release|Any CPU
		{4E130385-CA78-4074-A81A-41DB58DC82AC}.Release|Any CPU.Build.0 = Release|Any CPU
		{C661BC44-561A-4309-B55E-30FDBA190596}.Debug|Any CPU.ActiveCfg = Debug|Any CPU
		{C661BC44-561A-4309-B55E-30FDBA190596}.Debug|Any CPU.Build.0 = Debug|Any CPU
		{C661BC44-561A-4309-B55E-30FDBA190596}.Release|Any CPU.ActiveCfg = Release|Any CPU
		{C661BC44-561A-4309-B55E-30FDBA190596}.Release|Any CPU.Build.0 = Release|Any CPU
		{0F8C24F5-4774-440D-AA72-5DD63F5E2079}.Debug|Any CPU.ActiveCfg = Debug|Any CPU
		{0F8C24F5-4774-440D-AA72-5DD63F5E2079}.Debug|Any CPU.Build.0 = Debug|Any CPU
		{0F8C24F5-4774-440D-AA72-5DD63F5E2079}.Release|Any CPU.ActiveCfg = Release|Any CPU
		{0F8C24F5-4774-440D-AA72-5DD63F5E2079}.Release|Any CPU.Build.0 = Release|Any CPU
		{350820FE-807C-410B-BEEC-B4A837DC7094}.Debug|Any CPU.ActiveCfg = Debug|Any CPU
		{350820FE-807C-410B-BEEC-B4A837DC7094}.Debug|Any CPU.Build.0 = Debug|Any CPU
		{350820FE-807C-410B-BEEC-B4A837DC7094}.Release|Any CPU.ActiveCfg = Release|Any CPU
		{350820FE-807C-410B-BEEC-B4A837DC7094}.Release|Any CPU.Build.0 = Release|Any CPU
		{06C6B5C5-B88D-407C-89E1-5FD80EBC7532}.Debug|Any CPU.ActiveCfg = Debug|Any CPU
		{06C6B5C5-B88D-407C-89E1-5FD80EBC7532}.Debug|Any CPU.Build.0 = Debug|Any CPU
		{06C6B5C5-B88D-407C-89E1-5FD80EBC7532}.Release|Any CPU.ActiveCfg = Release|Any CPU
		{06C6B5C5-B88D-407C-89E1-5FD80EBC7532}.Release|Any CPU.Build.0 = Release|Any CPU
		{66837C66-033C-4292-94C4-3CC909AD1572}.Debug|Any CPU.ActiveCfg = Debug|Any CPU
		{66837C66-033C-4292-94C4-3CC909AD1572}.Debug|Any CPU.Build.0 = Debug|Any CPU
		{66837C66-033C-4292-94C4-3CC909AD1572}.Release|Any CPU.ActiveCfg = Release|Any CPU
		{66837C66-033C-4292-94C4-3CC909AD1572}.Release|Any CPU.Build.0 = Release|Any CPU
		{1156D5A5-206D-42BD-8125-BDE7A1540923}.Debug|Any CPU.ActiveCfg = Debug|Any CPU
		{1156D5A5-206D-42BD-8125-BDE7A1540923}.Debug|Any CPU.Build.0 = Debug|Any CPU
		{1156D5A5-206D-42BD-8125-BDE7A1540923}.Release|Any CPU.ActiveCfg = Release|Any CPU
		{1156D5A5-206D-42BD-8125-BDE7A1540923}.Release|Any CPU.Build.0 = Release|Any CPU
		{D1A8E695-2D9B-4FE1-BE2E-7FC3723C8783}.Debug|Any CPU.ActiveCfg = Debug|Any CPU
		{D1A8E695-2D9B-4FE1-BE2E-7FC3723C8783}.Debug|Any CPU.Build.0 = Debug|Any CPU
		{D1A8E695-2D9B-4FE1-BE2E-7FC3723C8783}.Release|Any CPU.ActiveCfg = Release|Any CPU
		{D1A8E695-2D9B-4FE1-BE2E-7FC3723C8783}.Release|Any CPU.Build.0 = Release|Any CPU
		{B04E377C-8A23-4C06-A6C7-13DB0994D98D}.Debug|Any CPU.ActiveCfg = Debug|Any CPU
		{B04E377C-8A23-4C06-A6C7-13DB0994D98D}.Debug|Any CPU.Build.0 = Debug|Any CPU
		{B04E377C-8A23-4C06-A6C7-13DB0994D98D}.Release|Any CPU.ActiveCfg = Release|Any CPU
		{B04E377C-8A23-4C06-A6C7-13DB0994D98D}.Release|Any CPU.Build.0 = Release|Any CPU
		{ACF68AB7-286A-4DF5-B414-C1016141F117}.Debug|Any CPU.ActiveCfg = Debug|Any CPU
		{ACF68AB7-286A-4DF5-B414-C1016141F117}.Debug|Any CPU.Build.0 = Debug|Any CPU
		{ACF68AB7-286A-4DF5-B414-C1016141F117}.Release|Any CPU.ActiveCfg = Release|Any CPU
		{ACF68AB7-286A-4DF5-B414-C1016141F117}.Release|Any CPU.Build.0 = Release|Any CPU
		{2DE991FC-B06E-48C2-8328-41349F0E9290}.Debug|Any CPU.ActiveCfg = Debug|Any CPU
		{2DE991FC-B06E-48C2-8328-41349F0E9290}.Debug|Any CPU.Build.0 = Debug|Any CPU
		{2DE991FC-B06E-48C2-8328-41349F0E9290}.Release|Any CPU.ActiveCfg = Release|Any CPU
		{2DE991FC-B06E-48C2-8328-41349F0E9290}.Release|Any CPU.Build.0 = Release|Any CPU
		{969F7ACC-3CDC-449B-98A2-1A8441CE9C77}.Debug|Any CPU.ActiveCfg = Debug|Any CPU
		{969F7ACC-3CDC-449B-98A2-1A8441CE9C77}.Debug|Any CPU.Build.0 = Debug|Any CPU
		{969F7ACC-3CDC-449B-98A2-1A8441CE9C77}.Release|Any CPU.ActiveCfg = Release|Any CPU
		{969F7ACC-3CDC-449B-98A2-1A8441CE9C77}.Release|Any CPU.Build.0 = Release|Any CPU
		{2B498FC7-3F08-49AC-BF7A-AAFFB26F9736}.Debug|Any CPU.ActiveCfg = Debug|Any CPU
		{2B498FC7-3F08-49AC-BF7A-AAFFB26F9736}.Debug|Any CPU.Build.0 = Debug|Any CPU
		{2B498FC7-3F08-49AC-BF7A-AAFFB26F9736}.Release|Any CPU.ActiveCfg = Release|Any CPU
		{2B498FC7-3F08-49AC-BF7A-AAFFB26F9736}.Release|Any CPU.Build.0 = Release|Any CPU
		{D85A7D8B-609A-46F4-AC72-D72753A31EC8}.Debug|Any CPU.ActiveCfg = Debug|Any CPU
		{D85A7D8B-609A-46F4-AC72-D72753A31EC8}.Debug|Any CPU.Build.0 = Debug|Any CPU
		{D85A7D8B-609A-46F4-AC72-D72753A31EC8}.Release|Any CPU.ActiveCfg = Release|Any CPU
		{D85A7D8B-609A-46F4-AC72-D72753A31EC8}.Release|Any CPU.Build.0 = Release|Any CPU
		{0E9EF5B0-BE3E-4D4E-AEFA-2CABA9AF8339}.Debug|Any CPU.ActiveCfg = Debug|Any CPU
		{0E9EF5B0-BE3E-4D4E-AEFA-2CABA9AF8339}.Debug|Any CPU.Build.0 = Debug|Any CPU
		{0E9EF5B0-BE3E-4D4E-AEFA-2CABA9AF8339}.Release|Any CPU.ActiveCfg = Release|Any CPU
		{0E9EF5B0-BE3E-4D4E-AEFA-2CABA9AF8339}.Release|Any CPU.Build.0 = Release|Any CPU
		{23D69F74-26F5-40BB-BEEF-2BCBFCEBF9D6}.Debug|Any CPU.ActiveCfg = Debug|Any CPU
		{23D69F74-26F5-40BB-BEEF-2BCBFCEBF9D6}.Debug|Any CPU.Build.0 = Debug|Any CPU
		{23D69F74-26F5-40BB-BEEF-2BCBFCEBF9D6}.Release|Any CPU.ActiveCfg = Release|Any CPU
		{23D69F74-26F5-40BB-BEEF-2BCBFCEBF9D6}.Release|Any CPU.Build.0 = Release|Any CPU
		{6721E452-14D1-4666-BAE5-772233A4C346}.Debug|Any CPU.ActiveCfg = Debug|Any CPU
		{6721E452-14D1-4666-BAE5-772233A4C346}.Debug|Any CPU.Build.0 = Debug|Any CPU
		{6721E452-14D1-4666-BAE5-772233A4C346}.Release|Any CPU.ActiveCfg = Release|Any CPU
		{6721E452-14D1-4666-BAE5-772233A4C346}.Release|Any CPU.Build.0 = Release|Any CPU
		{EFC27A1C-05BC-4642-B835-4DA64E835B8D}.Debug|Any CPU.ActiveCfg = Debug|Any CPU
		{EFC27A1C-05BC-4642-B835-4DA64E835B8D}.Debug|Any CPU.Build.0 = Debug|Any CPU
		{EFC27A1C-05BC-4642-B835-4DA64E835B8D}.Release|Any CPU.ActiveCfg = Release|Any CPU
		{EFC27A1C-05BC-4642-B835-4DA64E835B8D}.Release|Any CPU.Build.0 = Release|Any CPU
	EndGlobalSection
	GlobalSection(NestedProjects) = preSolution
		{110D92B7-10FB-4C8E-BD42-23DE324C9582} = {F77832E3-555B-4E04-814F-947D749CB507}
		{D5504113-18D4-4CCA-8982-52B653530A47} = {DF2C72CD-0AE4-4199-8555-2F00898ADEC6}
		{2203FE76-0EF3-4196-A3D1-F763773C62CE} = {DF2C72CD-0AE4-4199-8555-2F00898ADEC6}
		{94E50D65-CE41-47D1-9BFA-F4ABD23BEB95} = {DF2C72CD-0AE4-4199-8555-2F00898ADEC6}
		{284BCE07-F513-47F6-9909-FE4EC8C258CA} = {A803C934-2FFB-4607-BCD7-09A3C74BB95C}
		{DAC77AD0-33BC-4741-B62D-23E011DFBFC3} = {A803C934-2FFB-4607-BCD7-09A3C74BB95C}
		{41BE582B-9D07-48F8-9492-2403FD82F78A} = {A803C934-2FFB-4607-BCD7-09A3C74BB95C}
		{B5874E2C-5F1A-40F8-BFA4-2DE5C9A2F2DA} = {A803C934-2FFB-4607-BCD7-09A3C74BB95C}
		{EB46DA50-8179-4C1A-9A07-1C82375BB758} = {A803C934-2FFB-4607-BCD7-09A3C74BB95C}
		{B5071454-37FA-45DF-B7C2-398E3107D977} = {BCFAEDCB-BC4F-43CB-95AD-F0A21B50E6BB}
		{E426A17D-CEBD-429C-9570-64655FDEBE7D} = {B5071454-37FA-45DF-B7C2-398E3107D977}
		{3EA87027-8151-4406-9224-CB81A2A752E7} = {E426A17D-CEBD-429C-9570-64655FDEBE7D}
		{169B1B42-AE06-41A7-84C4-1F1813C80438} = {E426A17D-CEBD-429C-9570-64655FDEBE7D}
		{72A03576-F849-49B2-AB43-F202FAED0D39} = {E426A17D-CEBD-429C-9570-64655FDEBE7D}
		{B1DC3E93-1AA6-4351-98D2-4BB4CAA5E1CD} = {E426A17D-CEBD-429C-9570-64655FDEBE7D}
		{E0695660-8612-40DB-87A3-A44BB607D3E1} = {E426A17D-CEBD-429C-9570-64655FDEBE7D}
		{CEA9C014-6C75-4108-8A72-135CC23F7A9B} = {E426A17D-CEBD-429C-9570-64655FDEBE7D}
		{52433D1D-CC01-4BAD-BE34-C721CDFA0F27} = {E426A17D-CEBD-429C-9570-64655FDEBE7D}
		{DCD5F734-757A-4F7D-9DCB-ED41FF4CBAE5} = {B5071454-37FA-45DF-B7C2-398E3107D977}
		{A7D08C31-53F3-47B6-8DD2-034548AC2730} = {DCD5F734-757A-4F7D-9DCB-ED41FF4CBAE5}
		{6627FDD2-9DBE-4422-9E96-BFFC24E05395} = {DCD5F734-757A-4F7D-9DCB-ED41FF4CBAE5}
		{42B9C877-B7C5-43AF-BB3D-B0485D6E8C8A} = {DCD5F734-757A-4F7D-9DCB-ED41FF4CBAE5}
		{9F0304E5-CD94-4737-9D66-5C21EB715099} = {DCD5F734-757A-4F7D-9DCB-ED41FF4CBAE5}
		{C6F770F0-FE7F-4892-91F9-C470F4D92D4B} = {DCD5F734-757A-4F7D-9DCB-ED41FF4CBAE5}
		{3290CBBC-8180-4257-9EDD-DB39D0B31B1F} = {BCFAEDCB-BC4F-43CB-95AD-F0A21B50E6BB}
		{96E888AB-551E-41E3-887B-9A384ADEFCE4} = {3290CBBC-8180-4257-9EDD-DB39D0B31B1F}
		{2C94BA55-9D9B-41CF-B65A-E8F73A3D2FEE} = {96E888AB-551E-41E3-887B-9A384ADEFCE4}
		{6194340F-7891-4894-BC9B-DC1C756B4CA6} = {96E888AB-551E-41E3-887B-9A384ADEFCE4}
		{93614CAE-ACE8-4F8C-A919-BE429B54BD15} = {96E888AB-551E-41E3-887B-9A384ADEFCE4}
		{32090EA8-B239-4DDA-9A65-F78AFE1F85BC} = {96E888AB-551E-41E3-887B-9A384ADEFCE4}
		{BD331A40-3743-43BA-9D8B-C26D630FB31F} = {96E888AB-551E-41E3-887B-9A384ADEFCE4}
		{56B3DC1A-0B01-4FB5-8BA2-F7ECC88E0272} = {96E888AB-551E-41E3-887B-9A384ADEFCE4}
		{1CA8B020-B3F4-49FB-8E73-51A6DD807F4C} = {96E888AB-551E-41E3-887B-9A384ADEFCE4}
		{5806FD87-0901-4047-B82C-DFBA8E81F724} = {3290CBBC-8180-4257-9EDD-DB39D0B31B1F}
		{928A10C4-1423-43FA-A239-7E86264938E4} = {5806FD87-0901-4047-B82C-DFBA8E81F724}
		{17BDED73-DB87-4720-B63D-0BEAD39BDF2E} = {5806FD87-0901-4047-B82C-DFBA8E81F724}
		{4444C314-4B3D-4517-BBA0-E1D3F5BF237A} = {5806FD87-0901-4047-B82C-DFBA8E81F724}
		{E819CA95-2A53-40AB-ABBD-90BEBCF7FCE9} = {5806FD87-0901-4047-B82C-DFBA8E81F724}
		{49573E16-C899-4729-A768-819B271C5FAF} = {5806FD87-0901-4047-B82C-DFBA8E81F724}
		{F6376C00-BA72-4C6E-A7FF-6861BCE75858} = {BCFAEDCB-BC4F-43CB-95AD-F0A21B50E6BB}
		{DBF182FB-0FC6-45CB-AFF8-89427774138B} = {F6376C00-BA72-4C6E-A7FF-6861BCE75858}
		{3180B444-5D9B-4EBF-9D78-E19DBE75DDC2} = {DBF182FB-0FC6-45CB-AFF8-89427774138B}
		{68113759-2A5E-47B3-8A73-65E1B324BE53} = {DBF182FB-0FC6-45CB-AFF8-89427774138B}
		{5857A554-F56E-440D-8065-22AF77342139} = {DBF182FB-0FC6-45CB-AFF8-89427774138B}
		{CBDE479F-B401-453E-878B-C952AE421B38} = {DBF182FB-0FC6-45CB-AFF8-89427774138B}
		{B086ADBD-6DC7-447F-8406-515BE113C83E} = {DBF182FB-0FC6-45CB-AFF8-89427774138B}
		{61F66F2B-5595-4A50-8C28-AEAC5517D7B7} = {DBF182FB-0FC6-45CB-AFF8-89427774138B}
		{882FD3ED-89DE-44E5-9806-1B2D460D54D1} = {DBF182FB-0FC6-45CB-AFF8-89427774138B}
		{2D861453-8C5A-4A93-96CC-9F2B0BE6D88C} = {F6376C00-BA72-4C6E-A7FF-6861BCE75858}
		{CDC41FCD-93F3-4D20-ADFF-A0C925DD3D93} = {2D861453-8C5A-4A93-96CC-9F2B0BE6D88C}
		{1C12071F-0B02-47CB-94E5-A83A0D3664C4} = {2D861453-8C5A-4A93-96CC-9F2B0BE6D88C}
		{99626FC9-7E79-4D6B-9CBD-183C7F92CFFC} = {2D861453-8C5A-4A93-96CC-9F2B0BE6D88C}
		{9DB1ACE6-2C5F-4AFA-8D22-AFA793FC1076} = {2D861453-8C5A-4A93-96CC-9F2B0BE6D88C}
		{5C50D82F-0710-454E-940A-2B863E906DB2} = {2D861453-8C5A-4A93-96CC-9F2B0BE6D88C}
		{48D87784-63AD-4D46-B13D-AC97E25FC127} = {BCFAEDCB-BC4F-43CB-95AD-F0A21B50E6BB}
		{333076FF-DD4C-4551-AF09-1079160E1CDF} = {48D87784-63AD-4D46-B13D-AC97E25FC127}
		{846353DC-6E47-457A-9879-9192F9126B99} = {333076FF-DD4C-4551-AF09-1079160E1CDF}
		{A3F4BE4B-C66B-4B54-81C5-0789461F556F} = {333076FF-DD4C-4551-AF09-1079160E1CDF}
		{83A9495C-7281-4890-9822-50B4D4E99CBE} = {333076FF-DD4C-4551-AF09-1079160E1CDF}
		{8A35EBDB-1088-44BC-BBCE-BB51FFDB9BC1} = {333076FF-DD4C-4551-AF09-1079160E1CDF}
		{C2FF55B2-F0C4-49D7-BAD2-2567B21940FD} = {333076FF-DD4C-4551-AF09-1079160E1CDF}
		{6D940A92-BC42-462F-9FDE-901AB8964914} = {333076FF-DD4C-4551-AF09-1079160E1CDF}
		{51C6DE98-6691-450F-8E77-2DC685A47FEB} = {333076FF-DD4C-4551-AF09-1079160E1CDF}
		{764AC5F5-847C-4C0D-8774-837FFB0110F2} = {48D87784-63AD-4D46-B13D-AC97E25FC127}
		{E8B58AB5-CFC8-447B-99E7-30778B8D0DBB} = {764AC5F5-847C-4C0D-8774-837FFB0110F2}
		{74278C09-AA69-453D-A787-EB4148E20397} = {764AC5F5-847C-4C0D-8774-837FFB0110F2}
		{C4EFC874-5D32-4A28-9FB1-D4C11AE67C02} = {764AC5F5-847C-4C0D-8774-837FFB0110F2}
		{AB6B7D20-487C-4175-8B89-895391643586} = {764AC5F5-847C-4C0D-8774-837FFB0110F2}
		{ABFD3505-2009-49C0-A192-7A2F2B6A21C2} = {764AC5F5-847C-4C0D-8774-837FFB0110F2}
		{375FA73C-57DC-4D9F-8087-35AC7A500BFE} = {BCFAEDCB-BC4F-43CB-95AD-F0A21B50E6BB}
		{24616BE2-FDEC-427A-9BF0-D19EBF693CCF} = {375FA73C-57DC-4D9F-8087-35AC7A500BFE}
		{FDCC7C04-926C-43F6-B355-E77C8617FE69} = {24616BE2-FDEC-427A-9BF0-D19EBF693CCF}
		{B5CB9792-54B1-49D1-9A5D-86165BB2E04D} = {24616BE2-FDEC-427A-9BF0-D19EBF693CCF}
		{BC194F40-1D8B-4217-9F72-153B67FD0670} = {24616BE2-FDEC-427A-9BF0-D19EBF693CCF}
		{93C88527-50E0-413D-A05E-57A462890057} = {24616BE2-FDEC-427A-9BF0-D19EBF693CCF}
		{8488FC60-60DB-4EB6-A6BB-B4720FED93FB} = {24616BE2-FDEC-427A-9BF0-D19EBF693CCF}
		{23637ADF-8B72-4B6C-A205-13C36865D704} = {24616BE2-FDEC-427A-9BF0-D19EBF693CCF}
		{F08328F7-EFC9-4F76-A20C-B7CE60FFF5BB} = {24616BE2-FDEC-427A-9BF0-D19EBF693CCF}
		{C63C459C-73A7-4DA0-B687-CD8474FD311F} = {375FA73C-57DC-4D9F-8087-35AC7A500BFE}
		{033A59BB-56C7-41D2-9BA4-C15CB46A6D6A} = {C63C459C-73A7-4DA0-B687-CD8474FD311F}
		{8C3549EB-4B47-44F0-A327-3BD91FB3B404} = {C63C459C-73A7-4DA0-B687-CD8474FD311F}
		{E5A3F562-EFEB-4A77-8387-F1D080163818} = {C63C459C-73A7-4DA0-B687-CD8474FD311F}
		{968966A7-4DA2-422C-90D6-68E5C1852AF6} = {C63C459C-73A7-4DA0-B687-CD8474FD311F}
		{0B492EB0-D920-4997-AF6D-B3E19C97AE3A} = {C63C459C-73A7-4DA0-B687-CD8474FD311F}
		{E02B9EFE-2FBE-45EC-8AB2-29DD0868D693} = {076B77CF-CDAE-42F7-A250-07DBE053A73E}
		{A8B8A511-62E0-49C5-8647-82D9A391FC48} = {076B77CF-CDAE-42F7-A250-07DBE053A73E}
		{242F92F4-748F-48B9-A455-2CF1231E5387} = {076B77CF-CDAE-42F7-A250-07DBE053A73E}
		{71263290-32C2-4EDA-904B-35F4A0726063} = {076B77CF-CDAE-42F7-A250-07DBE053A73E}
		{3E181B91-2420-4C80-B5D9-34C84290D0D6} = {A803C934-2FFB-4607-BCD7-09A3C74BB95C}
		{3D53FAF5-C98B-4271-A327-6002EEFEF014} = {BCFAEDCB-BC4F-43CB-95AD-F0A21B50E6BB}
		{9FAF5F16-753D-4D4F-8A6E-F00E6ACBE009} = {3D53FAF5-C98B-4271-A327-6002EEFEF014}
		{308211A7-9771-4EB0-B633-A260ADD564D5} = {9FAF5F16-753D-4D4F-8A6E-F00E6ACBE009}
		{3EC22D42-9509-460E-AA8D-936A6B41056B} = {9FAF5F16-753D-4D4F-8A6E-F00E6ACBE009}
		{9746C2D2-3740-4AE8-9A1D-6314794E0531} = {9FAF5F16-753D-4D4F-8A6E-F00E6ACBE009}
		{2730CF9B-FDCD-46B6-885A-3BBC58B50B12} = {9FAF5F16-753D-4D4F-8A6E-F00E6ACBE009}
		{A9C0E72D-E1ED-41AE-95E9-F5D8FDE65ABB} = {9FAF5F16-753D-4D4F-8A6E-F00E6ACBE009}
		{EF0DD497-DE37-4CF7-B856-AD05D3889FD3} = {9FAF5F16-753D-4D4F-8A6E-F00E6ACBE009}
		{69B6FB36-A67B-4A9F-8C7A-A6D6DB8424ED} = {9FAF5F16-753D-4D4F-8A6E-F00E6ACBE009}
		{B776CB2F-381C-4CFE-85F1-F5A85621BFAB} = {3D53FAF5-C98B-4271-A327-6002EEFEF014}
		{4E130385-CA78-4074-A81A-41DB58DC82AC} = {B776CB2F-381C-4CFE-85F1-F5A85621BFAB}
		{C661BC44-561A-4309-B55E-30FDBA190596} = {B776CB2F-381C-4CFE-85F1-F5A85621BFAB}
		{0F8C24F5-4774-440D-AA72-5DD63F5E2079} = {B776CB2F-381C-4CFE-85F1-F5A85621BFAB}
		{350820FE-807C-410B-BEEC-B4A837DC7094} = {B776CB2F-381C-4CFE-85F1-F5A85621BFAB}
		{06C6B5C5-B88D-407C-89E1-5FD80EBC7532} = {B776CB2F-381C-4CFE-85F1-F5A85621BFAB}
		{66837C66-033C-4292-94C4-3CC909AD1572} = {A803C934-2FFB-4607-BCD7-09A3C74BB95C}
		{2CE0DD2A-6432-4AF0-BC9E-B10F607071A7} = {BCFAEDCB-BC4F-43CB-95AD-F0A21B50E6BB}
		{4631FB0F-B917-49DE-B292-FA7DD7724D10} = {2CE0DD2A-6432-4AF0-BC9E-B10F607071A7}
		{1156D5A5-206D-42BD-8125-BDE7A1540923} = {4631FB0F-B917-49DE-B292-FA7DD7724D10}
		{D1A8E695-2D9B-4FE1-BE2E-7FC3723C8783} = {4631FB0F-B917-49DE-B292-FA7DD7724D10}
		{B04E377C-8A23-4C06-A6C7-13DB0994D98D} = {4631FB0F-B917-49DE-B292-FA7DD7724D10}
		{ACF68AB7-286A-4DF5-B414-C1016141F117} = {4631FB0F-B917-49DE-B292-FA7DD7724D10}
		{2DE991FC-B06E-48C2-8328-41349F0E9290} = {4631FB0F-B917-49DE-B292-FA7DD7724D10}
		{969F7ACC-3CDC-449B-98A2-1A8441CE9C77} = {4631FB0F-B917-49DE-B292-FA7DD7724D10}
		{2B498FC7-3F08-49AC-BF7A-AAFFB26F9736} = {4631FB0F-B917-49DE-B292-FA7DD7724D10}
		{F4DA6DEA-2AA9-4AAA-847C-2F504899FD84} = {2CE0DD2A-6432-4AF0-BC9E-B10F607071A7}
		{D85A7D8B-609A-46F4-AC72-D72753A31EC8} = {F4DA6DEA-2AA9-4AAA-847C-2F504899FD84}
		{0E9EF5B0-BE3E-4D4E-AEFA-2CABA9AF8339} = {F4DA6DEA-2AA9-4AAA-847C-2F504899FD84}
		{23D69F74-26F5-40BB-BEEF-2BCBFCEBF9D6} = {F4DA6DEA-2AA9-4AAA-847C-2F504899FD84}
		{6721E452-14D1-4666-BAE5-772233A4C346} = {F4DA6DEA-2AA9-4AAA-847C-2F504899FD84}
		{EFC27A1C-05BC-4642-B835-4DA64E835B8D} = {F4DA6DEA-2AA9-4AAA-847C-2F504899FD84}
	EndGlobalSection
EndGlobal
